// !$*UTF8*$!
{
	archiveVersion = 1;
	classes = {
	};
	objectVersion = 56;
	objects = {

/* Begin PBXBuildFile section */
		343F077D2B86B35E007DBE14 /* ApplicationUtility.swift in Sources */ = {isa = PBXBuildFile; fileRef = 343F077C2B86B35E007DBE14 /* ApplicationUtility.swift */; };
		343F077F2B86B3A0007DBE14 /* LoginViewModel.swift in Sources */ = {isa = PBXBuildFile; fileRef = 343F077E2B86B3A0007DBE14 /* LoginViewModel.swift */; };
		343F07842B86C94F007DBE14 /* User.swift in Sources */ = {isa = PBXBuildFile; fileRef = 343F07832B86C94F007DBE14 /* User.swift */; };
		343F07862B86DA12007DBE14 /* UserViewModel.swift in Sources */ = {isa = PBXBuildFile; fileRef = 343F07852B86DA12007DBE14 /* UserViewModel.swift */; };
		34A177F62B8154FF00265C56 /* DashboardNav.swift in Sources */ = {isa = PBXBuildFile; fileRef = 34A177F52B8154FF00265C56 /* DashboardNav.swift */; };
		34A177FA2B81552200265C56 /* OutfitsView.swift in Sources */ = {isa = PBXBuildFile; fileRef = 34A177F92B81552200265C56 /* OutfitsView.swift */; };
		34A177FC2B81553400265C56 /* FavoritesView.swift in Sources */ = {isa = PBXBuildFile; fileRef = 34A177FB2B81553400265C56 /* FavoritesView.swift */; };
		34A178002B81556900265C56 /* FeedView.swift in Sources */ = {isa = PBXBuildFile; fileRef = 34A177FF2B81556900265C56 /* FeedView.swift */; };
		34A178022B81557500265C56 /* FriendsView.swift in Sources */ = {isa = PBXBuildFile; fileRef = 34A178012B81557500265C56 /* FriendsView.swift */; };
		34A178042B81557F00265C56 /* PostsView.swift in Sources */ = {isa = PBXBuildFile; fileRef = 34A178032B81557F00265C56 /* PostsView.swift */; };
		34A178062B81558E00265C56 /* CategoriesView.swift in Sources */ = {isa = PBXBuildFile; fileRef = 34A178052B81558E00265C56 /* CategoriesView.swift */; };
		34A178082B81559600265C56 /* TrendingView.swift in Sources */ = {isa = PBXBuildFile; fileRef = 34A178072B81559600265C56 /* TrendingView.swift */; };
		34A1780C2B8156E600265C56 /* ClothesView.swift in Sources */ = {isa = PBXBuildFile; fileRef = 34A1780B2B8156E600265C56 /* ClothesView.swift */; };
		34C8281B2B885804007AE17F /* ClosetNav.swift in Sources */ = {isa = PBXBuildFile; fileRef = 34C8281A2B885804007AE17F /* ClosetNav.swift */; };
		34C8281D2B885812007AE17F /* SocialNav.swift in Sources */ = {isa = PBXBuildFile; fileRef = 34C8281C2B885812007AE17F /* SocialNav.swift */; };
		34C8281F2B88581B007AE17F /* MarketNav.swift in Sources */ = {isa = PBXBuildFile; fileRef = 34C8281E2B88581B007AE17F /* MarketNav.swift */; };
		52358BAD2B7FFC5E00619E85 /* Profile.swift in Sources */ = {isa = PBXBuildFile; fileRef = 52358BAC2B7FFC5E00619E85 /* Profile.swift */; };
		52D6A5812B801DCE00496804 /* DeleteAccount.swift in Sources */ = {isa = PBXBuildFile; fileRef = 52D6A5802B801DCE00496804 /* DeleteAccount.swift */; };
		6A32E99C2B8C540A00ED06A3 /* ImageSelection.swift in Sources */ = {isa = PBXBuildFile; fileRef = 6A32E99B2B8C540A00ED06A3 /* ImageSelection.swift */; };
		6A32E99E2B8CF98600ED06A3 /* Testing.swift in Sources */ = {isa = PBXBuildFile; fileRef = 6A32E99D2B8CF98600ED06A3 /* Testing.swift */; };
		6A7220942B8BCBED00FF45FE /* ImageSegmentation.swift in Sources */ = {isa = PBXBuildFile; fileRef = 6A7220932B8BCBED00FF45FE /* ImageSegmentation.swift */; };
		890AC72A2BA773C300BBF24F /* AddPosts.swift in Sources */ = {isa = PBXBuildFile; fileRef = 890AC7292BA773C300BBF24F /* AddPosts.swift */; };
		890AC72C2BA776FC00BBF24F /* Post.swift in Sources */ = {isa = PBXBuildFile; fileRef = 890AC72B2BA776FC00BBF24F /* Post.swift */; };
		890AC72E2BA7776B00BBF24F /* PostViewModel.swift in Sources */ = {isa = PBXBuildFile; fileRef = 890AC72D2BA7776B00BBF24F /* PostViewModel.swift */; };
		890DCE352BB282E800292B8E /* EditClothesView.swift in Sources */ = {isa = PBXBuildFile; fileRef = 890DCE342BB282E800292B8E /* EditClothesView.swift */; };
		890DCE372BB3873000292B8E /* ExpandedOutfitsView.swift in Sources */ = {isa = PBXBuildFile; fileRef = 890DCE362BB3873000292B8E /* ExpandedOutfitsView.swift */; };
		8915767D2B7F1422006947E4 /* Closet.swift in Sources */ = {isa = PBXBuildFile; fileRef = 8915767C2B7F1422006947E4 /* Closet.swift */; };
		891576802B7F1440006947E4 /* BottomNavBar.swift in Sources */ = {isa = PBXBuildFile; fileRef = 8915767F2B7F1440006947E4 /* BottomNavBar.swift */; };
		89396F032B9167AC0041F5F0 /* ImageLoader.swift in Sources */ = {isa = PBXBuildFile; fileRef = 89396F022B9167AC0041F5F0 /* ImageLoader.swift */; };
		89396F052B91A8230041F5F0 /* Outfit.swift in Sources */ = {isa = PBXBuildFile; fileRef = 89396F042B91A8230041F5F0 /* Outfit.swift */; };
		89396F072B91A86C0041F5F0 /* OutfitViewModel.swift in Sources */ = {isa = PBXBuildFile; fileRef = 89396F062B91A86C0041F5F0 /* OutfitViewModel.swift */; };
		89396F092B91A8F30041F5F0 /* AddOutfit.swift in Sources */ = {isa = PBXBuildFile; fileRef = 89396F082B91A8F30041F5F0 /* AddOutfit.swift */; };
		89396F0B2B91AC070041F5F0 /* Clothes.swift in Sources */ = {isa = PBXBuildFile; fileRef = 89396F0A2B91AC070041F5F0 /* Clothes.swift */; };
		89396F192B922E770041F5F0 /* ExpandedClothesView.swift in Sources */ = {isa = PBXBuildFile; fileRef = 89396F182B922E770041F5F0 /* ExpandedClothesView.swift */; };
		89791E1E2B8EEA4A00E28FE9 /* AddClothes.swift in Sources */ = {isa = PBXBuildFile; fileRef = 89791E1D2B8EEA4A00E28FE9 /* AddClothes.swift */; };
		89791E202B8EFDB400E28FE9 /* CustomDropDown.swift in Sources */ = {isa = PBXBuildFile; fileRef = 89791E1F2B8EFDB400E28FE9 /* CustomDropDown.swift */; };
		89791E242B8FCF5800E28FE9 /* ClothViewModel.swift in Sources */ = {isa = PBXBuildFile; fileRef = 89791E232B8FCF5800E28FE9 /* ClothViewModel.swift */; };
		89791E262B8FD03100E28FE9 /* Cloth.swift in Sources */ = {isa = PBXBuildFile; fileRef = 89791E252B8FD03100E28FE9 /* Cloth.swift */; };
		8985B76A2B75D7A6000E8DED /* OOTD_SwiftApp.swift in Sources */ = {isa = PBXBuildFile; fileRef = 8985B7692B75D7A6000E8DED /* OOTD_SwiftApp.swift */; };
		8985B76C2B75D7A6000E8DED /* Persistence.swift in Sources */ = {isa = PBXBuildFile; fileRef = 8985B76B2B75D7A6000E8DED /* Persistence.swift */; };
		8985B76F2B75D7A6000E8DED /* OOTD_Swift.xcdatamodeld in Sources */ = {isa = PBXBuildFile; fileRef = 8985B76D2B75D7A6000E8DED /* OOTD_Swift.xcdatamodeld */; };
		8985B7712B75D7A6000E8DED /* ContentView.swift in Sources */ = {isa = PBXBuildFile; fileRef = 8985B7702B75D7A6000E8DED /* ContentView.swift */; };
		8985B7732B75D7A7000E8DED /* Assets.xcassets in Resources */ = {isa = PBXBuildFile; fileRef = 8985B7722B75D7A7000E8DED /* Assets.xcassets */; };
		8985B7772B75D7A7000E8DED /* Preview Assets.xcassets in Resources */ = {isa = PBXBuildFile; fileRef = 8985B7762B75D7A7000E8DED /* Preview Assets.xcassets */; };
		8985B7822B75D7A7000E8DED /* OOTD_SwiftTests.swift in Sources */ = {isa = PBXBuildFile; fileRef = 8985B7812B75D7A7000E8DED /* OOTD_SwiftTests.swift */; };
		8985B78C2B75D7A7000E8DED /* OOTD_SwiftUITests.swift in Sources */ = {isa = PBXBuildFile; fileRef = 8985B78B2B75D7A7000E8DED /* OOTD_SwiftUITests.swift */; };
		8985B78E2B75D7A7000E8DED /* OOTD_SwiftUITestsLaunchTests.swift in Sources */ = {isa = PBXBuildFile; fileRef = 8985B78D2B75D7A7000E8DED /* OOTD_SwiftUITestsLaunchTests.swift */; };
		89CB20862BB5FC800044E5A0 /* EditOutfitsView.swift in Sources */ = {isa = PBXBuildFile; fileRef = 89CB20852BB5FC800044E5A0 /* EditOutfitsView.swift */; };
		89CCB2882BA8FFAA004EAAA7 /* PostView.swift in Sources */ = {isa = PBXBuildFile; fileRef = 89CCB2872BA8FFAA004EAAA7 /* PostView.swift */; };
		89D107C52BB53F100059F232 /* FriendRequestView.swift in Sources */ = {isa = PBXBuildFile; fileRef = 89D107C42BB53F100059F232 /* FriendRequestView.swift */; };
		89D107C92BB53F5F0059F232 /* FriendReceivedView.swift in Sources */ = {isa = PBXBuildFile; fileRef = 89D107C82BB53F5F0059F232 /* FriendReceivedView.swift */; };
		89D107CB2BB5A4510059F232 /* SendFriendRequestView.swift in Sources */ = {isa = PBXBuildFile; fileRef = 89D107CA2BB5A4510059F232 /* SendFriendRequestView.swift */; };
		89F139852B8B2163007BF7CC /* TabUnderlineViews.swift in Sources */ = {isa = PBXBuildFile; fileRef = 89F139842B8B2163007BF7CC /* TabUnderlineViews.swift */; };
		89F139872B8B224F007BF7CC /* FavoriteClothes.swift in Sources */ = {isa = PBXBuildFile; fileRef = 89F139862B8B224F007BF7CC /* FavoriteClothes.swift */; };
		89F139892B8B225A007BF7CC /* FavoriteOutfits.swift in Sources */ = {isa = PBXBuildFile; fileRef = 89F139882B8B225A007BF7CC /* FavoriteOutfits.swift */; };
		89F6E5282BB527C500CE02D9 /* FirebaseAnalytics in Frameworks */ = {isa = PBXBuildFile; productRef = 89F6E5272BB527C500CE02D9 /* FirebaseAnalytics */; };
		89F6E52A2BB527C500CE02D9 /* FirebaseAnalyticsOnDeviceConversion in Frameworks */ = {isa = PBXBuildFile; productRef = 89F6E5292BB527C500CE02D9 /* FirebaseAnalyticsOnDeviceConversion */; };
		89F6E52C2BB527C500CE02D9 /* FirebaseAnalyticsSwift in Frameworks */ = {isa = PBXBuildFile; productRef = 89F6E52B2BB527C500CE02D9 /* FirebaseAnalyticsSwift */; };
		89F6E52E2BB527C500CE02D9 /* FirebaseAnalyticsWithoutAdIdSupport in Frameworks */ = {isa = PBXBuildFile; productRef = 89F6E52D2BB527C500CE02D9 /* FirebaseAnalyticsWithoutAdIdSupport */; };
		89F6E5302BB527C500CE02D9 /* FirebaseAppCheck in Frameworks */ = {isa = PBXBuildFile; productRef = 89F6E52F2BB527C500CE02D9 /* FirebaseAppCheck */; };
		89F6E5322BB527C500CE02D9 /* FirebaseAppDistribution-Beta in Frameworks */ = {isa = PBXBuildFile; productRef = 89F6E5312BB527C500CE02D9 /* FirebaseAppDistribution-Beta */; };
		89F6E5342BB527C500CE02D9 /* FirebaseAuth in Frameworks */ = {isa = PBXBuildFile; productRef = 89F6E5332BB527C500CE02D9 /* FirebaseAuth */; };
		89F6E5362BB527C500CE02D9 /* FirebaseAuthCombine-Community in Frameworks */ = {isa = PBXBuildFile; productRef = 89F6E5352BB527C500CE02D9 /* FirebaseAuthCombine-Community */; };
		89F6E5382BB527C500CE02D9 /* FirebaseCrashlytics in Frameworks */ = {isa = PBXBuildFile; productRef = 89F6E5372BB527C500CE02D9 /* FirebaseCrashlytics */; };
		89F6E53A2BB527C500CE02D9 /* FirebaseDatabase in Frameworks */ = {isa = PBXBuildFile; productRef = 89F6E5392BB527C500CE02D9 /* FirebaseDatabase */; };
		89F6E53C2BB527C500CE02D9 /* FirebaseDatabaseSwift in Frameworks */ = {isa = PBXBuildFile; productRef = 89F6E53B2BB527C500CE02D9 /* FirebaseDatabaseSwift */; };
		89F6E53E2BB527C500CE02D9 /* FirebaseDynamicLinks in Frameworks */ = {isa = PBXBuildFile; productRef = 89F6E53D2BB527C500CE02D9 /* FirebaseDynamicLinks */; };
		89F6E5402BB527C500CE02D9 /* FirebaseFirestore in Frameworks */ = {isa = PBXBuildFile; productRef = 89F6E53F2BB527C500CE02D9 /* FirebaseFirestore */; };
		89F6E5422BB527C500CE02D9 /* FirebaseFirestoreCombine-Community in Frameworks */ = {isa = PBXBuildFile; productRef = 89F6E5412BB527C500CE02D9 /* FirebaseFirestoreCombine-Community */; };
		89F6E5442BB527C500CE02D9 /* FirebaseFirestoreSwift in Frameworks */ = {isa = PBXBuildFile; productRef = 89F6E5432BB527C500CE02D9 /* FirebaseFirestoreSwift */; };
		89F6E5462BB527C500CE02D9 /* FirebaseFunctions in Frameworks */ = {isa = PBXBuildFile; productRef = 89F6E5452BB527C500CE02D9 /* FirebaseFunctions */; };
		89F6E5482BB527C500CE02D9 /* FirebaseFunctionsCombine-Community in Frameworks */ = {isa = PBXBuildFile; productRef = 89F6E5472BB527C500CE02D9 /* FirebaseFunctionsCombine-Community */; };
		89F6E54A2BB527C500CE02D9 /* FirebaseInAppMessaging-Beta in Frameworks */ = {isa = PBXBuildFile; productRef = 89F6E5492BB527C500CE02D9 /* FirebaseInAppMessaging-Beta */; };
		89F6E54C2BB527C500CE02D9 /* FirebaseInAppMessagingSwift-Beta in Frameworks */ = {isa = PBXBuildFile; productRef = 89F6E54B2BB527C500CE02D9 /* FirebaseInAppMessagingSwift-Beta */; };
		89F6E54E2BB527C500CE02D9 /* FirebaseInstallations in Frameworks */ = {isa = PBXBuildFile; productRef = 89F6E54D2BB527C500CE02D9 /* FirebaseInstallations */; };
		89F6E5502BB527C500CE02D9 /* FirebaseMessaging in Frameworks */ = {isa = PBXBuildFile; productRef = 89F6E54F2BB527C500CE02D9 /* FirebaseMessaging */; };
		89F6E5522BB527C500CE02D9 /* FirebaseMLModelDownloader in Frameworks */ = {isa = PBXBuildFile; productRef = 89F6E5512BB527C500CE02D9 /* FirebaseMLModelDownloader */; };
		89F6E5542BB527C500CE02D9 /* FirebasePerformance in Frameworks */ = {isa = PBXBuildFile; productRef = 89F6E5532BB527C500CE02D9 /* FirebasePerformance */; };
		89F6E5562BB527C500CE02D9 /* FirebaseRemoteConfig in Frameworks */ = {isa = PBXBuildFile; productRef = 89F6E5552BB527C500CE02D9 /* FirebaseRemoteConfig */; };
		89F6E5582BB527C500CE02D9 /* FirebaseRemoteConfigSwift in Frameworks */ = {isa = PBXBuildFile; productRef = 89F6E5572BB527C500CE02D9 /* FirebaseRemoteConfigSwift */; };
		89F6E55A2BB527C500CE02D9 /* FirebaseStorage in Frameworks */ = {isa = PBXBuildFile; productRef = 89F6E5592BB527C500CE02D9 /* FirebaseStorage */; };
		89F6E55C2BB527C500CE02D9 /* FirebaseStorageCombine-Community in Frameworks */ = {isa = PBXBuildFile; productRef = 89F6E55B2BB527C500CE02D9 /* FirebaseStorageCombine-Community */; };
		89F6E55E2BB528B900CE02D9 /* GoogleSignInSwift in Frameworks */ = {isa = PBXBuildFile; productRef = 89F6E55D2BB528B900CE02D9 /* GoogleSignInSwift */; };
		89F6E5602BB528D700CE02D9 /* SwiftCSV in Frameworks */ = {isa = PBXBuildFile; productRef = 89F6E55F2BB528D700CE02D9 /* SwiftCSV */; };
		CC1AAF4A2BA802B80093EAA6 /* GoogleService-Info.plist in Resources */ = {isa = PBXBuildFile; fileRef = CC1AAF492BA802B80093EAA6 /* GoogleService-Info.plist */; };
		CC22F0D82BAC82D200648F7F /* RecommendedView.swift in Sources */ = {isa = PBXBuildFile; fileRef = CC22F0D72BAC82D200648F7F /* RecommendedView.swift */; };
		CC95B8FA2B82AC360034B352 /* AuthManager.swift in Sources */ = {isa = PBXBuildFile; fileRef = CC95B8F92B82AC360034B352 /* AuthManager.swift */; };
		CCA40F9F2B86F92E0032EFFF /* SplashScreenView.swift in Sources */ = {isa = PBXBuildFile; fileRef = CCA40F9E2B86F92E0032EFFF /* SplashScreenView.swift */; };
		CCDE677F2B7F1E9C00599FE8 /* Login.swift in Sources */ = {isa = PBXBuildFile; fileRef = CCDE677E2B7F1E9C00599FE8 /* Login.swift */; };
		CCDE67842B8138BD00599FE8 /* Signup.swift in Sources */ = {isa = PBXBuildFile; fileRef = CCDE67832B8138BD00599FE8 /* Signup.swift */; };
/* End PBXBuildFile section */

/* Begin PBXContainerItemProxy section */
		8985B77E2B75D7A7000E8DED /* PBXContainerItemProxy */ = {
			isa = PBXContainerItemProxy;
			containerPortal = 8985B75E2B75D7A6000E8DED /* Project object */;
			proxyType = 1;
			remoteGlobalIDString = 8985B7652B75D7A6000E8DED;
			remoteInfo = "OOTD-Swift";
		};
		8985B7882B75D7A7000E8DED /* PBXContainerItemProxy */ = {
			isa = PBXContainerItemProxy;
			containerPortal = 8985B75E2B75D7A6000E8DED /* Project object */;
			proxyType = 1;
			remoteGlobalIDString = 8985B7652B75D7A6000E8DED;
			remoteInfo = "OOTD-Swift";
		};
/* End PBXContainerItemProxy section */

/* Begin PBXFileReference section */
		343F077C2B86B35E007DBE14 /* ApplicationUtility.swift */ = {isa = PBXFileReference; lastKnownFileType = sourcecode.swift; path = ApplicationUtility.swift; sourceTree = "<group>"; };
		343F077E2B86B3A0007DBE14 /* LoginViewModel.swift */ = {isa = PBXFileReference; lastKnownFileType = sourcecode.swift; path = LoginViewModel.swift; sourceTree = "<group>"; };
		343F07832B86C94F007DBE14 /* User.swift */ = {isa = PBXFileReference; lastKnownFileType = sourcecode.swift; path = User.swift; sourceTree = "<group>"; };
		343F07852B86DA12007DBE14 /* UserViewModel.swift */ = {isa = PBXFileReference; lastKnownFileType = sourcecode.swift; path = UserViewModel.swift; sourceTree = "<group>"; };
		343F07872B870FE4007DBE14 /* Assets.xcassets */ = {isa = PBXFileReference; lastKnownFileType = folder.assetcatalog; name = Assets.xcassets; path = "OOTD-Swift/Assets.xcassets"; sourceTree = SOURCE_ROOT; };
		34A177F52B8154FF00265C56 /* DashboardNav.swift */ = {isa = PBXFileReference; lastKnownFileType = sourcecode.swift; path = DashboardNav.swift; sourceTree = "<group>"; };
		34A177F92B81552200265C56 /* OutfitsView.swift */ = {isa = PBXFileReference; lastKnownFileType = sourcecode.swift; path = OutfitsView.swift; sourceTree = "<group>"; };
		34A177FB2B81553400265C56 /* FavoritesView.swift */ = {isa = PBXFileReference; lastKnownFileType = sourcecode.swift; path = FavoritesView.swift; sourceTree = "<group>"; };
		34A177FF2B81556900265C56 /* FeedView.swift */ = {isa = PBXFileReference; lastKnownFileType = sourcecode.swift; path = FeedView.swift; sourceTree = "<group>"; };
		34A178012B81557500265C56 /* FriendsView.swift */ = {isa = PBXFileReference; lastKnownFileType = sourcecode.swift; path = FriendsView.swift; sourceTree = "<group>"; };
		34A178032B81557F00265C56 /* PostsView.swift */ = {isa = PBXFileReference; lastKnownFileType = sourcecode.swift; path = PostsView.swift; sourceTree = "<group>"; };
		34A178052B81558E00265C56 /* CategoriesView.swift */ = {isa = PBXFileReference; lastKnownFileType = sourcecode.swift; path = CategoriesView.swift; sourceTree = "<group>"; };
		34A178072B81559600265C56 /* TrendingView.swift */ = {isa = PBXFileReference; lastKnownFileType = sourcecode.swift; path = TrendingView.swift; sourceTree = "<group>"; };
		34A1780B2B8156E600265C56 /* ClothesView.swift */ = {isa = PBXFileReference; lastKnownFileType = sourcecode.swift; path = ClothesView.swift; sourceTree = "<group>"; };
		34C8281A2B885804007AE17F /* ClosetNav.swift */ = {isa = PBXFileReference; lastKnownFileType = sourcecode.swift; path = ClosetNav.swift; sourceTree = "<group>"; };
		34C8281C2B885812007AE17F /* SocialNav.swift */ = {isa = PBXFileReference; lastKnownFileType = sourcecode.swift; path = SocialNav.swift; sourceTree = "<group>"; };
		34C8281E2B88581B007AE17F /* MarketNav.swift */ = {isa = PBXFileReference; lastKnownFileType = sourcecode.swift; path = MarketNav.swift; sourceTree = "<group>"; };
		52358BAC2B7FFC5E00619E85 /* Profile.swift */ = {isa = PBXFileReference; lastKnownFileType = sourcecode.swift; path = Profile.swift; sourceTree = "<group>"; };
		52D6A5802B801DCE00496804 /* DeleteAccount.swift */ = {isa = PBXFileReference; lastKnownFileType = sourcecode.swift; path = DeleteAccount.swift; sourceTree = "<group>"; };
		6A32E99B2B8C540A00ED06A3 /* ImageSelection.swift */ = {isa = PBXFileReference; lastKnownFileType = sourcecode.swift; path = ImageSelection.swift; sourceTree = "<group>"; };
		6A32E99D2B8CF98600ED06A3 /* Testing.swift */ = {isa = PBXFileReference; lastKnownFileType = sourcecode.swift; path = Testing.swift; sourceTree = "<group>"; };
		6A7220932B8BCBED00FF45FE /* ImageSegmentation.swift */ = {isa = PBXFileReference; lastKnownFileType = sourcecode.swift; path = ImageSegmentation.swift; sourceTree = "<group>"; };
		890AC7292BA773C300BBF24F /* AddPosts.swift */ = {isa = PBXFileReference; lastKnownFileType = sourcecode.swift; path = AddPosts.swift; sourceTree = "<group>"; };
		890AC72B2BA776FC00BBF24F /* Post.swift */ = {isa = PBXFileReference; lastKnownFileType = sourcecode.swift; path = Post.swift; sourceTree = "<group>"; };
		890AC72D2BA7776B00BBF24F /* PostViewModel.swift */ = {isa = PBXFileReference; lastKnownFileType = sourcecode.swift; path = PostViewModel.swift; sourceTree = "<group>"; };
		890DCE342BB282E800292B8E /* EditClothesView.swift */ = {isa = PBXFileReference; lastKnownFileType = sourcecode.swift; path = EditClothesView.swift; sourceTree = "<group>"; };
		890DCE362BB3873000292B8E /* ExpandedOutfitsView.swift */ = {isa = PBXFileReference; lastKnownFileType = sourcecode.swift; path = ExpandedOutfitsView.swift; sourceTree = "<group>"; };
		8915767C2B7F1422006947E4 /* Closet.swift */ = {isa = PBXFileReference; lastKnownFileType = sourcecode.swift; path = Closet.swift; sourceTree = "<group>"; };
		8915767F2B7F1440006947E4 /* BottomNavBar.swift */ = {isa = PBXFileReference; lastKnownFileType = sourcecode.swift; path = BottomNavBar.swift; sourceTree = "<group>"; };
		89396F022B9167AC0041F5F0 /* ImageLoader.swift */ = {isa = PBXFileReference; lastKnownFileType = sourcecode.swift; path = ImageLoader.swift; sourceTree = "<group>"; };
		89396F042B91A8230041F5F0 /* Outfit.swift */ = {isa = PBXFileReference; lastKnownFileType = sourcecode.swift; path = Outfit.swift; sourceTree = "<group>"; };
		89396F062B91A86C0041F5F0 /* OutfitViewModel.swift */ = {isa = PBXFileReference; lastKnownFileType = sourcecode.swift; path = OutfitViewModel.swift; sourceTree = "<group>"; };
		89396F082B91A8F30041F5F0 /* AddOutfit.swift */ = {isa = PBXFileReference; lastKnownFileType = sourcecode.swift; path = AddOutfit.swift; sourceTree = "<group>"; };
		89396F0A2B91AC070041F5F0 /* Clothes.swift */ = {isa = PBXFileReference; lastKnownFileType = sourcecode.swift; path = Clothes.swift; sourceTree = "<group>"; };
		89396F182B922E770041F5F0 /* ExpandedClothesView.swift */ = {isa = PBXFileReference; lastKnownFileType = sourcecode.swift; path = ExpandedClothesView.swift; sourceTree = "<group>"; };
		89791E1D2B8EEA4A00E28FE9 /* AddClothes.swift */ = {isa = PBXFileReference; lastKnownFileType = sourcecode.swift; path = AddClothes.swift; sourceTree = "<group>"; };
		89791E1F2B8EFDB400E28FE9 /* CustomDropDown.swift */ = {isa = PBXFileReference; lastKnownFileType = sourcecode.swift; path = CustomDropDown.swift; sourceTree = "<group>"; };
		89791E232B8FCF5800E28FE9 /* ClothViewModel.swift */ = {isa = PBXFileReference; lastKnownFileType = sourcecode.swift; path = ClothViewModel.swift; sourceTree = "<group>"; };
		89791E252B8FD03100E28FE9 /* Cloth.swift */ = {isa = PBXFileReference; fileEncoding = 4; lastKnownFileType = sourcecode.swift; name = Cloth.swift; path = Models/Cloth.swift; sourceTree = SOURCE_ROOT; };
		8985B7662B75D7A6000E8DED /* OOTD-Swift.app */ = {isa = PBXFileReference; explicitFileType = wrapper.application; includeInIndex = 0; path = "OOTD-Swift.app"; sourceTree = BUILT_PRODUCTS_DIR; };
		8985B7692B75D7A6000E8DED /* OOTD_SwiftApp.swift */ = {isa = PBXFileReference; lastKnownFileType = sourcecode.swift; path = OOTD_SwiftApp.swift; sourceTree = "<group>"; };
		8985B76B2B75D7A6000E8DED /* Persistence.swift */ = {isa = PBXFileReference; lastKnownFileType = sourcecode.swift; path = Persistence.swift; sourceTree = "<group>"; };
		8985B76E2B75D7A6000E8DED /* OOTD_Swift.xcdatamodel */ = {isa = PBXFileReference; lastKnownFileType = wrapper.xcdatamodel; path = OOTD_Swift.xcdatamodel; sourceTree = "<group>"; };
		8985B7702B75D7A6000E8DED /* ContentView.swift */ = {isa = PBXFileReference; lastKnownFileType = sourcecode.swift; path = ContentView.swift; sourceTree = "<group>"; };
		8985B7722B75D7A7000E8DED /* Assets.xcassets */ = {isa = PBXFileReference; lastKnownFileType = folder.assetcatalog; path = Assets.xcassets; sourceTree = "<group>"; };
		8985B7742B75D7A7000E8DED /* OOTD_Swift.entitlements */ = {isa = PBXFileReference; lastKnownFileType = text.plist.entitlements; path = OOTD_Swift.entitlements; sourceTree = "<group>"; };
		8985B7762B75D7A7000E8DED /* Preview Assets.xcassets */ = {isa = PBXFileReference; lastKnownFileType = folder.assetcatalog; path = "Preview Assets.xcassets"; sourceTree = "<group>"; };
		8985B77D2B75D7A7000E8DED /* OOTD-SwiftTests.xctest */ = {isa = PBXFileReference; explicitFileType = wrapper.cfbundle; includeInIndex = 0; path = "OOTD-SwiftTests.xctest"; sourceTree = BUILT_PRODUCTS_DIR; };
		8985B7812B75D7A7000E8DED /* OOTD_SwiftTests.swift */ = {isa = PBXFileReference; lastKnownFileType = sourcecode.swift; path = OOTD_SwiftTests.swift; sourceTree = "<group>"; };
		8985B7872B75D7A7000E8DED /* OOTD-SwiftUITests.xctest */ = {isa = PBXFileReference; explicitFileType = wrapper.cfbundle; includeInIndex = 0; path = "OOTD-SwiftUITests.xctest"; sourceTree = BUILT_PRODUCTS_DIR; };
		8985B78B2B75D7A7000E8DED /* OOTD_SwiftUITests.swift */ = {isa = PBXFileReference; lastKnownFileType = sourcecode.swift; path = OOTD_SwiftUITests.swift; sourceTree = "<group>"; };
		8985B78D2B75D7A7000E8DED /* OOTD_SwiftUITestsLaunchTests.swift */ = {isa = PBXFileReference; lastKnownFileType = sourcecode.swift; path = OOTD_SwiftUITestsLaunchTests.swift; sourceTree = "<group>"; };
		89CB20852BB5FC800044E5A0 /* EditOutfitsView.swift */ = {isa = PBXFileReference; lastKnownFileType = sourcecode.swift; path = EditOutfitsView.swift; sourceTree = "<group>"; };
		89CCB2872BA8FFAA004EAAA7 /* PostView.swift */ = {isa = PBXFileReference; lastKnownFileType = sourcecode.swift; path = PostView.swift; sourceTree = "<group>"; };
		89D107C42BB53F100059F232 /* FriendRequestView.swift */ = {isa = PBXFileReference; lastKnownFileType = sourcecode.swift; path = FriendRequestView.swift; sourceTree = "<group>"; };
		89D107C82BB53F5F0059F232 /* FriendReceivedView.swift */ = {isa = PBXFileReference; lastKnownFileType = sourcecode.swift; path = FriendReceivedView.swift; sourceTree = "<group>"; };
		89D107CA2BB5A4510059F232 /* SendFriendRequestView.swift */ = {isa = PBXFileReference; lastKnownFileType = sourcecode.swift; path = SendFriendRequestView.swift; sourceTree = "<group>"; };
		89F139842B8B2163007BF7CC /* TabUnderlineViews.swift */ = {isa = PBXFileReference; lastKnownFileType = sourcecode.swift; path = TabUnderlineViews.swift; sourceTree = "<group>"; };
		89F139862B8B224F007BF7CC /* FavoriteClothes.swift */ = {isa = PBXFileReference; lastKnownFileType = sourcecode.swift; path = FavoriteClothes.swift; sourceTree = "<group>"; };
		89F139882B8B225A007BF7CC /* FavoriteOutfits.swift */ = {isa = PBXFileReference; lastKnownFileType = sourcecode.swift; path = FavoriteOutfits.swift; sourceTree = "<group>"; };
		CC1AAF492BA802B80093EAA6 /* GoogleService-Info.plist */ = {isa = PBXFileReference; fileEncoding = 4; lastKnownFileType = text.plist.xml; path = "GoogleService-Info.plist"; sourceTree = "<group>"; };
		CC22F0D72BAC82D200648F7F /* RecommendedView.swift */ = {isa = PBXFileReference; lastKnownFileType = sourcecode.swift; path = RecommendedView.swift; sourceTree = "<group>"; };
		CC95B8F92B82AC360034B352 /* AuthManager.swift */ = {isa = PBXFileReference; lastKnownFileType = sourcecode.swift; path = AuthManager.swift; sourceTree = "<group>"; };
		CCA40F9E2B86F92E0032EFFF /* SplashScreenView.swift */ = {isa = PBXFileReference; lastKnownFileType = sourcecode.swift; path = SplashScreenView.swift; sourceTree = "<group>"; };
		CCDE677E2B7F1E9C00599FE8 /* Login.swift */ = {isa = PBXFileReference; lastKnownFileType = sourcecode.swift; path = Login.swift; sourceTree = "<group>"; };
		CCDE67832B8138BD00599FE8 /* Signup.swift */ = {isa = PBXFileReference; lastKnownFileType = sourcecode.swift; path = Signup.swift; sourceTree = "<group>"; };
/* End PBXFileReference section */

/* Begin PBXFrameworksBuildPhase section */
		8985B7632B75D7A6000E8DED /* Frameworks */ = {
			isa = PBXFrameworksBuildPhase;
			buildActionMask = 2147483647;
			files = (
				89F6E53A2BB527C500CE02D9 /* FirebaseDatabase in Frameworks */,
				89F6E5482BB527C500CE02D9 /* FirebaseFunctionsCombine-Community in Frameworks */,
				89F6E5602BB528D700CE02D9 /* SwiftCSV in Frameworks */,
				89F6E5402BB527C500CE02D9 /* FirebaseFirestore in Frameworks */,
				89F6E52C2BB527C500CE02D9 /* FirebaseAnalyticsSwift in Frameworks */,
				89F6E5282BB527C500CE02D9 /* FirebaseAnalytics in Frameworks */,
				89F6E52A2BB527C500CE02D9 /* FirebaseAnalyticsOnDeviceConversion in Frameworks */,
				89F6E5442BB527C500CE02D9 /* FirebaseFirestoreSwift in Frameworks */,
				89F6E5522BB527C500CE02D9 /* FirebaseMLModelDownloader in Frameworks */,
				89F6E5302BB527C500CE02D9 /* FirebaseAppCheck in Frameworks */,
				89F6E52E2BB527C500CE02D9 /* FirebaseAnalyticsWithoutAdIdSupport in Frameworks */,
				89F6E5502BB527C500CE02D9 /* FirebaseMessaging in Frameworks */,
				89F6E5342BB527C500CE02D9 /* FirebaseAuth in Frameworks */,
				89F6E5582BB527C500CE02D9 /* FirebaseRemoteConfigSwift in Frameworks */,
				89F6E5382BB527C500CE02D9 /* FirebaseCrashlytics in Frameworks */,
				89F6E54A2BB527C500CE02D9 /* FirebaseInAppMessaging-Beta in Frameworks */,
				89F6E53C2BB527C500CE02D9 /* FirebaseDatabaseSwift in Frameworks */,
				89F6E55C2BB527C500CE02D9 /* FirebaseStorageCombine-Community in Frameworks */,
				89F6E5562BB527C500CE02D9 /* FirebaseRemoteConfig in Frameworks */,
				89F6E5462BB527C500CE02D9 /* FirebaseFunctions in Frameworks */,
				89F6E5322BB527C500CE02D9 /* FirebaseAppDistribution-Beta in Frameworks */,
				89F6E5542BB527C500CE02D9 /* FirebasePerformance in Frameworks */,
				89F6E5362BB527C500CE02D9 /* FirebaseAuthCombine-Community in Frameworks */,
				89F6E55A2BB527C500CE02D9 /* FirebaseStorage in Frameworks */,
				89F6E55E2BB528B900CE02D9 /* GoogleSignInSwift in Frameworks */,
				89F6E54C2BB527C500CE02D9 /* FirebaseInAppMessagingSwift-Beta in Frameworks */,
				89F6E53E2BB527C500CE02D9 /* FirebaseDynamicLinks in Frameworks */,
				89F6E5422BB527C500CE02D9 /* FirebaseFirestoreCombine-Community in Frameworks */,
				89F6E54E2BB527C500CE02D9 /* FirebaseInstallations in Frameworks */,
			);
			runOnlyForDeploymentPostprocessing = 0;
		};
		8985B77A2B75D7A7000E8DED /* Frameworks */ = {
			isa = PBXFrameworksBuildPhase;
			buildActionMask = 2147483647;
			files = (
			);
			runOnlyForDeploymentPostprocessing = 0;
		};
		8985B7842B75D7A7000E8DED /* Frameworks */ = {
			isa = PBXFrameworksBuildPhase;
			buildActionMask = 2147483647;
			files = (
			);
			runOnlyForDeploymentPostprocessing = 0;
		};
/* End PBXFrameworksBuildPhase section */

/* Begin PBXGroup section */
		343F077B2B86B349007DBE14 /* Authentication */ = {
			isa = PBXGroup;
			children = (
				343F077C2B86B35E007DBE14 /* ApplicationUtility.swift */,
				343F077E2B86B3A0007DBE14 /* LoginViewModel.swift */,
			);
			path = Authentication;
			sourceTree = "<group>";
		};
		343F07812B86C927007DBE14 /* Models */ = {
			isa = PBXGroup;
			children = (
				89791E252B8FD03100E28FE9 /* Cloth.swift */,
				343F07832B86C94F007DBE14 /* User.swift */,
				89396F042B91A8230041F5F0 /* Outfit.swift */,
				890AC72B2BA776FC00BBF24F /* Post.swift */,
			);
			name = Models;
			path = ../Models;
			sourceTree = "<group>";
		};
		343F07822B86C93C007DBE14 /* ViewModels */ = {
			isa = PBXGroup;
			children = (
				343F07852B86DA12007DBE14 /* UserViewModel.swift */,
				89791E232B8FCF5800E28FE9 /* ClothViewModel.swift */,
				89396F062B91A86C0041F5F0 /* OutfitViewModel.swift */,
				890AC72D2BA7776B00BBF24F /* PostViewModel.swift */,
			);
			path = ViewModels;
			sourceTree = "<group>";
		};
		34A177F12B81542D00265C56 /* Dashboard */ = {
			isa = PBXGroup;
			children = (
				34A177F42B81544400265C56 /* MarketDashboard */,
				34A177F32B81543C00265C56 /* SocialDashboard */,
				34A177F22B81543400265C56 /* ClosetDashboard */,
				34A177F52B8154FF00265C56 /* DashboardNav.swift */,
			);
			path = Dashboard;
			sourceTree = "<group>";
		};
		34A177F22B81543400265C56 /* ClosetDashboard */ = {
			isa = PBXGroup;
			children = (
				34A177F92B81552200265C56 /* OutfitsView.swift */,
				34A177FB2B81553400265C56 /* FavoritesView.swift */,
				34A1780B2B8156E600265C56 /* ClothesView.swift */,
				CC22F0D72BAC82D200648F7F /* RecommendedView.swift */,
				34C8281A2B885804007AE17F /* ClosetNav.swift */,
				89F139862B8B224F007BF7CC /* FavoriteClothes.swift */,
				89F139882B8B225A007BF7CC /* FavoriteOutfits.swift */,
				89791E1D2B8EEA4A00E28FE9 /* AddClothes.swift */,
				89396F082B91A8F30041F5F0 /* AddOutfit.swift */,
				89396F0A2B91AC070041F5F0 /* Clothes.swift */,
				89396F182B922E770041F5F0 /* ExpandedClothesView.swift */,
				890DCE342BB282E800292B8E /* EditClothesView.swift */,
				890DCE362BB3873000292B8E /* ExpandedOutfitsView.swift */,
				89CB20852BB5FC800044E5A0 /* EditOutfitsView.swift */,
			);
			path = ClosetDashboard;
			sourceTree = "<group>";
		};
		34A177F32B81543C00265C56 /* SocialDashboard */ = {
			isa = PBXGroup;
			children = (
				34A177FF2B81556900265C56 /* FeedView.swift */,
				34A178012B81557500265C56 /* FriendsView.swift */,
				34A178032B81557F00265C56 /* PostsView.swift */,
				34C8281C2B885812007AE17F /* SocialNav.swift */,
				890AC7292BA773C300BBF24F /* AddPosts.swift */,
				89CCB2872BA8FFAA004EAAA7 /* PostView.swift */,
				89D107C42BB53F100059F232 /* FriendRequestView.swift */,
				89D107C82BB53F5F0059F232 /* FriendReceivedView.swift */,
				89D107CA2BB5A4510059F232 /* SendFriendRequestView.swift */,
			);
			path = SocialDashboard;
			sourceTree = "<group>";
		};
		34A177F42B81544400265C56 /* MarketDashboard */ = {
			isa = PBXGroup;
			children = (
				34A178052B81558E00265C56 /* CategoriesView.swift */,
				34A178072B81559600265C56 /* TrendingView.swift */,
				34C8281E2B88581B007AE17F /* MarketNav.swift */,
			);
			path = MarketDashboard;
			sourceTree = "<group>";
		};
		6A7220902B8BCA7400FF45FE /* ImageSegmentation */ = {
			isa = PBXGroup;
			children = (
				6A7220932B8BCBED00FF45FE /* ImageSegmentation.swift */,
				6A32E99B2B8C540A00ED06A3 /* ImageSelection.swift */,
				6A32E99D2B8CF98600ED06A3 /* Testing.swift */,
			);
			path = ImageSegmentation;
			sourceTree = "<group>";
		};
		8915767A2B7F13B3006947E4 /* Screens */ = {
			isa = PBXGroup;
			children = (
				34A177F12B81542D00265C56 /* Dashboard */,
				52D6A5802B801DCE00496804 /* DeleteAccount.swift */,
				8915767C2B7F1422006947E4 /* Closet.swift */,
				52358BAC2B7FFC5E00619E85 /* Profile.swift */,
				CCDE67802B7F1EED00599FE8 /* Onboarding Flow */,
			);
			path = Screens;
			sourceTree = "<group>";
		};
		8915767E2B7F142C006947E4 /* Components */ = {
			isa = PBXGroup;
			children = (
				8915767F2B7F1440006947E4 /* BottomNavBar.swift */,
				89F139842B8B2163007BF7CC /* TabUnderlineViews.swift */,
				89791E1F2B8EFDB400E28FE9 /* CustomDropDown.swift */,
				89396F022B9167AC0041F5F0 /* ImageLoader.swift */,
			);
			path = Components;
			sourceTree = "<group>";
		};
		893227EE2B815A81002D693D /* Frameworks */ = {
			isa = PBXGroup;
			children = (
			);
			name = Frameworks;
			sourceTree = "<group>";
		};
		8985B75D2B75D7A6000E8DED = {
			isa = PBXGroup;
			children = (
				8985B7682B75D7A6000E8DED /* OOTD-Swift */,
				8985B7802B75D7A7000E8DED /* OOTD-SwiftTests */,
				8985B78A2B75D7A7000E8DED /* OOTD-SwiftUITests */,
				8985B7672B75D7A6000E8DED /* Products */,
				893227EE2B815A81002D693D /* Frameworks */,
			);
			sourceTree = "<group>";
		};
		8985B7672B75D7A6000E8DED /* Products */ = {
			isa = PBXGroup;
			children = (
				8985B7662B75D7A6000E8DED /* OOTD-Swift.app */,
				8985B77D2B75D7A7000E8DED /* OOTD-SwiftTests.xctest */,
				8985B7872B75D7A7000E8DED /* OOTD-SwiftUITests.xctest */,
			);
			name = Products;
			sourceTree = "<group>";
		};
		8985B7682B75D7A6000E8DED /* OOTD-Swift */ = {
			isa = PBXGroup;
			children = (
				6A7220902B8BCA7400FF45FE /* ImageSegmentation */,
				CC1AAF492BA802B80093EAA6 /* GoogleService-Info.plist */,
				343F07822B86C93C007DBE14 /* ViewModels */,
				343F07812B86C927007DBE14 /* Models */,
				343F077B2B86B349007DBE14 /* Authentication */,
				8915767E2B7F142C006947E4 /* Components */,
				8915767A2B7F13B3006947E4 /* Screens */,
				8985B7692B75D7A6000E8DED /* OOTD_SwiftApp.swift */,
				8985B76B2B75D7A6000E8DED /* Persistence.swift */,
				CCA40F9E2B86F92E0032EFFF /* SplashScreenView.swift */,
				8985B7702B75D7A6000E8DED /* ContentView.swift */,
				8985B7722B75D7A7000E8DED /* Assets.xcassets */,
				8985B7742B75D7A7000E8DED /* OOTD_Swift.entitlements */,
				8985B76D2B75D7A6000E8DED /* OOTD_Swift.xcdatamodeld */,
				8985B7752B75D7A7000E8DED /* Preview Content */,
			);
			path = "OOTD-Swift";
			sourceTree = "<group>";
		};
		8985B7752B75D7A7000E8DED /* Preview Content */ = {
			isa = PBXGroup;
			children = (
				343F07872B870FE4007DBE14 /* Assets.xcassets */,
				8985B7762B75D7A7000E8DED /* Preview Assets.xcassets */,
			);
			path = "Preview Content";
			sourceTree = "<group>";
		};
		8985B7802B75D7A7000E8DED /* OOTD-SwiftTests */ = {
			isa = PBXGroup;
			children = (
				8985B7812B75D7A7000E8DED /* OOTD_SwiftTests.swift */,
			);
			path = "OOTD-SwiftTests";
			sourceTree = "<group>";
		};
		8985B78A2B75D7A7000E8DED /* OOTD-SwiftUITests */ = {
			isa = PBXGroup;
			children = (
				8985B78B2B75D7A7000E8DED /* OOTD_SwiftUITests.swift */,
				8985B78D2B75D7A7000E8DED /* OOTD_SwiftUITestsLaunchTests.swift */,
			);
			path = "OOTD-SwiftUITests";
			sourceTree = "<group>";
		};
		CCDE67802B7F1EED00599FE8 /* Onboarding Flow */ = {
			isa = PBXGroup;
			children = (
				CCDE677E2B7F1E9C00599FE8 /* Login.swift */,
				CCDE67832B8138BD00599FE8 /* Signup.swift */,
				CC95B8F92B82AC360034B352 /* AuthManager.swift */,
			);
			path = "Onboarding Flow";
			sourceTree = "<group>";
		};
/* End PBXGroup section */

/* Begin PBXNativeTarget section */
		8985B7652B75D7A6000E8DED /* OOTD-Swift */ = {
			isa = PBXNativeTarget;
			buildConfigurationList = 8985B7912B75D7A7000E8DED /* Build configuration list for PBXNativeTarget "OOTD-Swift" */;
			buildPhases = (
				8985B7622B75D7A6000E8DED /* Sources */,
				8985B7632B75D7A6000E8DED /* Frameworks */,
				8985B7642B75D7A6000E8DED /* Resources */,
			);
			buildRules = (
			);
			dependencies = (
			);
			name = "OOTD-Swift";
			packageProductDependencies = (
				89F6E5272BB527C500CE02D9 /* FirebaseAnalytics */,
				89F6E5292BB527C500CE02D9 /* FirebaseAnalyticsOnDeviceConversion */,
				89F6E52B2BB527C500CE02D9 /* FirebaseAnalyticsSwift */,
				89F6E52D2BB527C500CE02D9 /* FirebaseAnalyticsWithoutAdIdSupport */,
				89F6E52F2BB527C500CE02D9 /* FirebaseAppCheck */,
				89F6E5312BB527C500CE02D9 /* FirebaseAppDistribution-Beta */,
				89F6E5332BB527C500CE02D9 /* FirebaseAuth */,
				89F6E5352BB527C500CE02D9 /* FirebaseAuthCombine-Community */,
				89F6E5372BB527C500CE02D9 /* FirebaseCrashlytics */,
				89F6E5392BB527C500CE02D9 /* FirebaseDatabase */,
				89F6E53B2BB527C500CE02D9 /* FirebaseDatabaseSwift */,
				89F6E53D2BB527C500CE02D9 /* FirebaseDynamicLinks */,
				89F6E53F2BB527C500CE02D9 /* FirebaseFirestore */,
				89F6E5412BB527C500CE02D9 /* FirebaseFirestoreCombine-Community */,
				89F6E5432BB527C500CE02D9 /* FirebaseFirestoreSwift */,
				89F6E5452BB527C500CE02D9 /* FirebaseFunctions */,
				89F6E5472BB527C500CE02D9 /* FirebaseFunctionsCombine-Community */,
				89F6E5492BB527C500CE02D9 /* FirebaseInAppMessaging-Beta */,
				89F6E54B2BB527C500CE02D9 /* FirebaseInAppMessagingSwift-Beta */,
				89F6E54D2BB527C500CE02D9 /* FirebaseInstallations */,
				89F6E54F2BB527C500CE02D9 /* FirebaseMessaging */,
				89F6E5512BB527C500CE02D9 /* FirebaseMLModelDownloader */,
				89F6E5532BB527C500CE02D9 /* FirebasePerformance */,
				89F6E5552BB527C500CE02D9 /* FirebaseRemoteConfig */,
				89F6E5572BB527C500CE02D9 /* FirebaseRemoteConfigSwift */,
				89F6E5592BB527C500CE02D9 /* FirebaseStorage */,
				89F6E55B2BB527C500CE02D9 /* FirebaseStorageCombine-Community */,
				89F6E55D2BB528B900CE02D9 /* GoogleSignInSwift */,
				89F6E55F2BB528D700CE02D9 /* SwiftCSV */,
			);
			productName = "OOTD-Swift";
			productReference = 8985B7662B75D7A6000E8DED /* OOTD-Swift.app */;
			productType = "com.apple.product-type.application";
		};
		8985B77C2B75D7A7000E8DED /* OOTD-SwiftTests */ = {
			isa = PBXNativeTarget;
			buildConfigurationList = 8985B7942B75D7A7000E8DED /* Build configuration list for PBXNativeTarget "OOTD-SwiftTests" */;
			buildPhases = (
				8985B7792B75D7A7000E8DED /* Sources */,
				8985B77A2B75D7A7000E8DED /* Frameworks */,
				8985B77B2B75D7A7000E8DED /* Resources */,
			);
			buildRules = (
			);
			dependencies = (
				8985B77F2B75D7A7000E8DED /* PBXTargetDependency */,
			);
			name = "OOTD-SwiftTests";
			productName = "OOTD-SwiftTests";
			productReference = 8985B77D2B75D7A7000E8DED /* OOTD-SwiftTests.xctest */;
			productType = "com.apple.product-type.bundle.unit-test";
		};
		8985B7862B75D7A7000E8DED /* OOTD-SwiftUITests */ = {
			isa = PBXNativeTarget;
			buildConfigurationList = 8985B7972B75D7A7000E8DED /* Build configuration list for PBXNativeTarget "OOTD-SwiftUITests" */;
			buildPhases = (
				8985B7832B75D7A7000E8DED /* Sources */,
				8985B7842B75D7A7000E8DED /* Frameworks */,
				8985B7852B75D7A7000E8DED /* Resources */,
			);
			buildRules = (
			);
			dependencies = (
				8985B7892B75D7A7000E8DED /* PBXTargetDependency */,
			);
			name = "OOTD-SwiftUITests";
			productName = "OOTD-SwiftUITests";
			productReference = 8985B7872B75D7A7000E8DED /* OOTD-SwiftUITests.xctest */;
			productType = "com.apple.product-type.bundle.ui-testing";
		};
/* End PBXNativeTarget section */

/* Begin PBXProject section */
		8985B75E2B75D7A6000E8DED /* Project object */ = {
			isa = PBXProject;
			attributes = {
				BuildIndependentTargetsInParallel = 1;
				LastSwiftUpdateCheck = 1520;
				LastUpgradeCheck = 1530;
				TargetAttributes = {
					8985B7652B75D7A6000E8DED = {
						CreatedOnToolsVersion = 15.2;
					};
					8985B77C2B75D7A7000E8DED = {
						CreatedOnToolsVersion = 15.2;
						TestTargetID = 8985B7652B75D7A6000E8DED;
					};
					8985B7862B75D7A7000E8DED = {
						CreatedOnToolsVersion = 15.2;
						TestTargetID = 8985B7652B75D7A6000E8DED;
					};
				};
			};
			buildConfigurationList = 8985B7612B75D7A6000E8DED /* Build configuration list for PBXProject "OOTD-Swift" */;
			compatibilityVersion = "Xcode 14.0";
			developmentRegion = en;
			hasScannedForEncodings = 0;
			knownRegions = (
				en,
				Base,
			);
			mainGroup = 8985B75D2B75D7A6000E8DED;
			packageReferences = (
				893227EA2B813E44002D693D /* XCRemoteSwiftPackageReference "firebase-ios-sdk" */,
				343F07762B86B242007DBE14 /* XCRemoteSwiftPackageReference "GoogleSignIn-iOS" */,
				CCEEB7C02BB4BDC100B40AE2 /* XCRemoteSwiftPackageReference "SwiftCSV" */,
			);
			productRefGroup = 8985B7672B75D7A6000E8DED /* Products */;
			projectDirPath = "";
			projectRoot = "";
			targets = (
				8985B7652B75D7A6000E8DED /* OOTD-Swift */,
				8985B77C2B75D7A7000E8DED /* OOTD-SwiftTests */,
				8985B7862B75D7A7000E8DED /* OOTD-SwiftUITests */,
			);
		};
/* End PBXProject section */

/* Begin PBXResourcesBuildPhase section */
		8985B7642B75D7A6000E8DED /* Resources */ = {
			isa = PBXResourcesBuildPhase;
			buildActionMask = 2147483647;
			files = (
				8985B7772B75D7A7000E8DED /* Preview Assets.xcassets in Resources */,
				8985B7732B75D7A7000E8DED /* Assets.xcassets in Resources */,
				CC1AAF4A2BA802B80093EAA6 /* GoogleService-Info.plist in Resources */,
			);
			runOnlyForDeploymentPostprocessing = 0;
		};
		8985B77B2B75D7A7000E8DED /* Resources */ = {
			isa = PBXResourcesBuildPhase;
			buildActionMask = 2147483647;
			files = (
			);
			runOnlyForDeploymentPostprocessing = 0;
		};
		8985B7852B75D7A7000E8DED /* Resources */ = {
			isa = PBXResourcesBuildPhase;
			buildActionMask = 2147483647;
			files = (
			);
			runOnlyForDeploymentPostprocessing = 0;
		};
/* End PBXResourcesBuildPhase section */

/* Begin PBXSourcesBuildPhase section */
		8985B7622B75D7A6000E8DED /* Sources */ = {
			isa = PBXSourcesBuildPhase;
			buildActionMask = 2147483647;
			files = (
				CCDE677F2B7F1E9C00599FE8 /* Login.swift in Sources */,
				CC95B8FA2B82AC360034B352 /* AuthManager.swift in Sources */,
				34C8281D2B885812007AE17F /* SocialNav.swift in Sources */,
				8915767D2B7F1422006947E4 /* Closet.swift in Sources */,
				89396F192B922E770041F5F0 /* ExpandedClothesView.swift in Sources */,
				89CB20862BB5FC800044E5A0 /* EditOutfitsView.swift in Sources */,
				34C8281B2B885804007AE17F /* ClosetNav.swift in Sources */,
				34A178022B81557500265C56 /* FriendsView.swift in Sources */,
				6A7220942B8BCBED00FF45FE /* ImageSegmentation.swift in Sources */,
				89D107CB2BB5A4510059F232 /* SendFriendRequestView.swift in Sources */,
				89F139872B8B224F007BF7CC /* FavoriteClothes.swift in Sources */,
				8985B76A2B75D7A6000E8DED /* OOTD_SwiftApp.swift in Sources */,
				89791E1E2B8EEA4A00E28FE9 /* AddClothes.swift in Sources */,
				34A178042B81557F00265C56 /* PostsView.swift in Sources */,
				34A1780C2B8156E600265C56 /* ClothesView.swift in Sources */,
				34A177F62B8154FF00265C56 /* DashboardNav.swift in Sources */,
				89396F0B2B91AC070041F5F0 /* Clothes.swift in Sources */,
				89CCB2882BA8FFAA004EAAA7 /* PostView.swift in Sources */,
				34A177FC2B81553400265C56 /* FavoritesView.swift in Sources */,
				890AC72E2BA7776B00BBF24F /* PostViewModel.swift in Sources */,
				89D107C92BB53F5F0059F232 /* FriendReceivedView.swift in Sources */,
				89D107C52BB53F100059F232 /* FriendRequestView.swift in Sources */,
				891576802B7F1440006947E4 /* BottomNavBar.swift in Sources */,
				89396F052B91A8230041F5F0 /* Outfit.swift in Sources */,
				34A178082B81559600265C56 /* TrendingView.swift in Sources */,
				34A177FA2B81552200265C56 /* OutfitsView.swift in Sources */,
				89791E262B8FD03100E28FE9 /* Cloth.swift in Sources */,
				89F139852B8B2163007BF7CC /* TabUnderlineViews.swift in Sources */,
				52358BAD2B7FFC5E00619E85 /* Profile.swift in Sources */,
				890AC72C2BA776FC00BBF24F /* Post.swift in Sources */,
				8985B76C2B75D7A6000E8DED /* Persistence.swift in Sources */,
				34C8281F2B88581B007AE17F /* MarketNav.swift in Sources */,
				34A178002B81556900265C56 /* FeedView.swift in Sources */,
				343F077D2B86B35E007DBE14 /* ApplicationUtility.swift in Sources */,
				890DCE352BB282E800292B8E /* EditClothesView.swift in Sources */,
				CCDE67842B8138BD00599FE8 /* Signup.swift in Sources */,
				89791E242B8FCF5800E28FE9 /* ClothViewModel.swift in Sources */,
				89396F032B9167AC0041F5F0 /* ImageLoader.swift in Sources */,
				CC22F0D82BAC82D200648F7F /* RecommendedView.swift in Sources */,
				34A178062B81558E00265C56 /* CategoriesView.swift in Sources */,
				89791E202B8EFDB400E28FE9 /* CustomDropDown.swift in Sources */,
				343F077F2B86B3A0007DBE14 /* LoginViewModel.swift in Sources */,
				CCA40F9F2B86F92E0032EFFF /* SplashScreenView.swift in Sources */,
				890DCE372BB3873000292B8E /* ExpandedOutfitsView.swift in Sources */,
				343F07842B86C94F007DBE14 /* User.swift in Sources */,
				890AC72A2BA773C300BBF24F /* AddPosts.swift in Sources */,
				8985B7712B75D7A6000E8DED /* ContentView.swift in Sources */,
				6A32E99E2B8CF98600ED06A3 /* Testing.swift in Sources */,
				52D6A5812B801DCE00496804 /* DeleteAccount.swift in Sources */,
				343F07862B86DA12007DBE14 /* UserViewModel.swift in Sources */,
				89396F072B91A86C0041F5F0 /* OutfitViewModel.swift in Sources */,
				89F139892B8B225A007BF7CC /* FavoriteOutfits.swift in Sources */,
				6A32E99C2B8C540A00ED06A3 /* ImageSelection.swift in Sources */,
				89396F092B91A8F30041F5F0 /* AddOutfit.swift in Sources */,
				8985B76F2B75D7A6000E8DED /* OOTD_Swift.xcdatamodeld in Sources */,
			);
			runOnlyForDeploymentPostprocessing = 0;
		};
		8985B7792B75D7A7000E8DED /* Sources */ = {
			isa = PBXSourcesBuildPhase;
			buildActionMask = 2147483647;
			files = (
				8985B7822B75D7A7000E8DED /* OOTD_SwiftTests.swift in Sources */,
			);
			runOnlyForDeploymentPostprocessing = 0;
		};
		8985B7832B75D7A7000E8DED /* Sources */ = {
			isa = PBXSourcesBuildPhase;
			buildActionMask = 2147483647;
			files = (
				8985B78E2B75D7A7000E8DED /* OOTD_SwiftUITestsLaunchTests.swift in Sources */,
				8985B78C2B75D7A7000E8DED /* OOTD_SwiftUITests.swift in Sources */,
			);
			runOnlyForDeploymentPostprocessing = 0;
		};
/* End PBXSourcesBuildPhase section */

/* Begin PBXTargetDependency section */
		8985B77F2B75D7A7000E8DED /* PBXTargetDependency */ = {
			isa = PBXTargetDependency;
			target = 8985B7652B75D7A6000E8DED /* OOTD-Swift */;
			targetProxy = 8985B77E2B75D7A7000E8DED /* PBXContainerItemProxy */;
		};
		8985B7892B75D7A7000E8DED /* PBXTargetDependency */ = {
			isa = PBXTargetDependency;
			target = 8985B7652B75D7A6000E8DED /* OOTD-Swift */;
			targetProxy = 8985B7882B75D7A7000E8DED /* PBXContainerItemProxy */;
		};
/* End PBXTargetDependency section */

/* Begin XCBuildConfiguration section */
		8985B78F2B75D7A7000E8DED /* Debug */ = {
			isa = XCBuildConfiguration;
			buildSettings = {
				ALWAYS_SEARCH_USER_PATHS = NO;
				ASSETCATALOG_COMPILER_GENERATE_SWIFT_ASSET_SYMBOL_EXTENSIONS = YES;
				CLANG_ANALYZER_NONNULL = YES;
				CLANG_ANALYZER_NUMBER_OBJECT_CONVERSION = YES_AGGRESSIVE;
				CLANG_CXX_LANGUAGE_STANDARD = "gnu++20";
				CLANG_ENABLE_MODULES = YES;
				CLANG_ENABLE_OBJC_ARC = YES;
				CLANG_ENABLE_OBJC_WEAK = YES;
				CLANG_WARN_BLOCK_CAPTURE_AUTORELEASING = YES;
				CLANG_WARN_BOOL_CONVERSION = YES;
				CLANG_WARN_COMMA = YES;
				CLANG_WARN_CONSTANT_CONVERSION = YES;
				CLANG_WARN_DEPRECATED_OBJC_IMPLEMENTATIONS = YES;
				CLANG_WARN_DIRECT_OBJC_ISA_USAGE = YES_ERROR;
				CLANG_WARN_DOCUMENTATION_COMMENTS = YES;
				CLANG_WARN_EMPTY_BODY = YES;
				CLANG_WARN_ENUM_CONVERSION = YES;
				CLANG_WARN_INFINITE_RECURSION = YES;
				CLANG_WARN_INT_CONVERSION = YES;
				CLANG_WARN_NON_LITERAL_NULL_CONVERSION = YES;
				CLANG_WARN_OBJC_IMPLICIT_RETAIN_SELF = YES;
				CLANG_WARN_OBJC_LITERAL_CONVERSION = YES;
				CLANG_WARN_OBJC_ROOT_CLASS = YES_ERROR;
				CLANG_WARN_QUOTED_INCLUDE_IN_FRAMEWORK_HEADER = YES;
				CLANG_WARN_RANGE_LOOP_ANALYSIS = YES;
				CLANG_WARN_STRICT_PROTOTYPES = YES;
				CLANG_WARN_SUSPICIOUS_MOVE = YES;
				CLANG_WARN_UNGUARDED_AVAILABILITY = YES_AGGRESSIVE;
				CLANG_WARN_UNREACHABLE_CODE = YES;
				CLANG_WARN__DUPLICATE_METHOD_MATCH = YES;
				COPY_PHASE_STRIP = NO;
				DEAD_CODE_STRIPPING = YES;
				DEBUG_INFORMATION_FORMAT = dwarf;
				ENABLE_STRICT_OBJC_MSGSEND = YES;
				ENABLE_TESTABILITY = YES;
				ENABLE_USER_SCRIPT_SANDBOXING = YES;
				GCC_C_LANGUAGE_STANDARD = gnu17;
				GCC_DYNAMIC_NO_PIC = NO;
				GCC_NO_COMMON_BLOCKS = YES;
				GCC_OPTIMIZATION_LEVEL = 0;
				GCC_PREPROCESSOR_DEFINITIONS = (
					"DEBUG=1",
					"$(inherited)",
				);
				GCC_WARN_64_TO_32_BIT_CONVERSION = YES;
				GCC_WARN_ABOUT_RETURN_TYPE = YES_ERROR;
				GCC_WARN_UNDECLARED_SELECTOR = YES;
				GCC_WARN_UNINITIALIZED_AUTOS = YES_AGGRESSIVE;
				GCC_WARN_UNUSED_FUNCTION = YES;
				GCC_WARN_UNUSED_VARIABLE = YES;
				LOCALIZATION_PREFERS_STRING_CATALOGS = YES;
				MTL_ENABLE_DEBUG_INFO = INCLUDE_SOURCE;
				MTL_FAST_MATH = YES;
				ONLY_ACTIVE_ARCH = YES;
				SWIFT_ACTIVE_COMPILATION_CONDITIONS = "DEBUG $(inherited)";
				SWIFT_OPTIMIZATION_LEVEL = "-Onone";
			};
			name = Debug;
		};
		8985B7902B75D7A7000E8DED /* Release */ = {
			isa = XCBuildConfiguration;
			buildSettings = {
				ALWAYS_SEARCH_USER_PATHS = NO;
				ASSETCATALOG_COMPILER_GENERATE_SWIFT_ASSET_SYMBOL_EXTENSIONS = YES;
				CLANG_ANALYZER_NONNULL = YES;
				CLANG_ANALYZER_NUMBER_OBJECT_CONVERSION = YES_AGGRESSIVE;
				CLANG_CXX_LANGUAGE_STANDARD = "gnu++20";
				CLANG_ENABLE_MODULES = YES;
				CLANG_ENABLE_OBJC_ARC = YES;
				CLANG_ENABLE_OBJC_WEAK = YES;
				CLANG_WARN_BLOCK_CAPTURE_AUTORELEASING = YES;
				CLANG_WARN_BOOL_CONVERSION = YES;
				CLANG_WARN_COMMA = YES;
				CLANG_WARN_CONSTANT_CONVERSION = YES;
				CLANG_WARN_DEPRECATED_OBJC_IMPLEMENTATIONS = YES;
				CLANG_WARN_DIRECT_OBJC_ISA_USAGE = YES_ERROR;
				CLANG_WARN_DOCUMENTATION_COMMENTS = YES;
				CLANG_WARN_EMPTY_BODY = YES;
				CLANG_WARN_ENUM_CONVERSION = YES;
				CLANG_WARN_INFINITE_RECURSION = YES;
				CLANG_WARN_INT_CONVERSION = YES;
				CLANG_WARN_NON_LITERAL_NULL_CONVERSION = YES;
				CLANG_WARN_OBJC_IMPLICIT_RETAIN_SELF = YES;
				CLANG_WARN_OBJC_LITERAL_CONVERSION = YES;
				CLANG_WARN_OBJC_ROOT_CLASS = YES_ERROR;
				CLANG_WARN_QUOTED_INCLUDE_IN_FRAMEWORK_HEADER = YES;
				CLANG_WARN_RANGE_LOOP_ANALYSIS = YES;
				CLANG_WARN_STRICT_PROTOTYPES = YES;
				CLANG_WARN_SUSPICIOUS_MOVE = YES;
				CLANG_WARN_UNGUARDED_AVAILABILITY = YES_AGGRESSIVE;
				CLANG_WARN_UNREACHABLE_CODE = YES;
				CLANG_WARN__DUPLICATE_METHOD_MATCH = YES;
				COPY_PHASE_STRIP = NO;
				DEAD_CODE_STRIPPING = YES;
				DEBUG_INFORMATION_FORMAT = "dwarf-with-dsym";
				ENABLE_NS_ASSERTIONS = NO;
				ENABLE_STRICT_OBJC_MSGSEND = YES;
				ENABLE_USER_SCRIPT_SANDBOXING = YES;
				GCC_C_LANGUAGE_STANDARD = gnu17;
				GCC_NO_COMMON_BLOCKS = YES;
				GCC_WARN_64_TO_32_BIT_CONVERSION = YES;
				GCC_WARN_ABOUT_RETURN_TYPE = YES_ERROR;
				GCC_WARN_UNDECLARED_SELECTOR = YES;
				GCC_WARN_UNINITIALIZED_AUTOS = YES_AGGRESSIVE;
				GCC_WARN_UNUSED_FUNCTION = YES;
				GCC_WARN_UNUSED_VARIABLE = YES;
				LOCALIZATION_PREFERS_STRING_CATALOGS = YES;
				MTL_ENABLE_DEBUG_INFO = NO;
				MTL_FAST_MATH = YES;
				SWIFT_COMPILATION_MODE = wholemodule;
			};
			name = Release;
		};
		8985B7922B75D7A7000E8DED /* Debug */ = {
			isa = XCBuildConfiguration;
			buildSettings = {
				ASSETCATALOG_COMPILER_APPICON_NAME = AppIcon;
				ASSETCATALOG_COMPILER_GLOBAL_ACCENT_COLOR_NAME = AccentColor;
				CODE_SIGN_ENTITLEMENTS = "OOTD-Swift/OOTD_Swift.entitlements";
				CODE_SIGN_STYLE = Automatic;
				CURRENT_PROJECT_VERSION = 1;
				DEAD_CODE_STRIPPING = YES;
				DEVELOPMENT_ASSET_PATHS = "\"OOTD-Swift/Preview Content\"";
				DEVELOPMENT_TEAM = S868VFYS2W;
				ENABLE_PREVIEWS = YES;
				GENERATE_INFOPLIST_FILE = YES;
				INFOPLIST_FILE = "OOTD-Swift/GoogleService-Info.plist";
				INFOPLIST_KEY_NSPhotoLibraryUsageDescription = "User should be able to upload images of their clothes!";
				"INFOPLIST_KEY_UIApplicationSceneManifest_Generation[sdk=iphoneos*]" = YES;
				"INFOPLIST_KEY_UIApplicationSceneManifest_Generation[sdk=iphonesimulator*]" = YES;
				"INFOPLIST_KEY_UIApplicationSupportsIndirectInputEvents[sdk=iphoneos*]" = YES;
				"INFOPLIST_KEY_UIApplicationSupportsIndirectInputEvents[sdk=iphonesimulator*]" = YES;
				"INFOPLIST_KEY_UILaunchScreen_Generation[sdk=iphoneos*]" = YES;
				"INFOPLIST_KEY_UILaunchScreen_Generation[sdk=iphonesimulator*]" = YES;
				"INFOPLIST_KEY_UIStatusBarStyle[sdk=iphoneos*]" = UIStatusBarStyleDefault;
				"INFOPLIST_KEY_UIStatusBarStyle[sdk=iphonesimulator*]" = UIStatusBarStyleDefault;
				INFOPLIST_KEY_UISupportedInterfaceOrientations_iPad = "UIInterfaceOrientationPortrait UIInterfaceOrientationPortraitUpsideDown UIInterfaceOrientationLandscapeLeft UIInterfaceOrientationLandscapeRight";
				INFOPLIST_KEY_UISupportedInterfaceOrientations_iPhone = "UIInterfaceOrientationPortrait UIInterfaceOrientationLandscapeLeft UIInterfaceOrientationLandscapeRight";
				IPHONEOS_DEPLOYMENT_TARGET = 16;
				LD_RUNPATH_SEARCH_PATHS = "@executable_path/Frameworks";
				"LD_RUNPATH_SEARCH_PATHS[sdk=macosx*]" = "@executable_path/../Frameworks";
				MACOSX_DEPLOYMENT_TARGET = 14.0;
				MARKETING_VERSION = 1.0;
				OTHER_LDFLAGS = "-ObjC";
				PRODUCT_BUNDLE_IDENTIFIER = "com.testflight.test.OOTD-Swift";
				PRODUCT_NAME = "$(TARGET_NAME)";
				SDKROOT = auto;
				SUPPORTED_PLATFORMS = "iphoneos iphonesimulator";
				SUPPORTS_MACCATALYST = NO;
				SWIFT_EMIT_LOC_STRINGS = YES;
				SWIFT_VERSION = 5.0;
				TARGETED_DEVICE_FAMILY = "1,2";
			};
			name = Debug;
		};
		8985B7932B75D7A7000E8DED /* Release */ = {
			isa = XCBuildConfiguration;
			buildSettings = {
				ASSETCATALOG_COMPILER_APPICON_NAME = AppIcon;
				ASSETCATALOG_COMPILER_GLOBAL_ACCENT_COLOR_NAME = AccentColor;
				CODE_SIGN_ENTITLEMENTS = "OOTD-Swift/OOTD_Swift.entitlements";
				CODE_SIGN_STYLE = Automatic;
				CURRENT_PROJECT_VERSION = 1;
				DEAD_CODE_STRIPPING = YES;
				DEVELOPMENT_ASSET_PATHS = "\"OOTD-Swift/Preview Content\"";
				DEVELOPMENT_TEAM = S868VFYS2W;
				ENABLE_PREVIEWS = YES;
				GENERATE_INFOPLIST_FILE = YES;
				INFOPLIST_FILE = "OOTD-Swift/GoogleService-Info.plist";
				INFOPLIST_KEY_NSPhotoLibraryUsageDescription = "User should be able to upload images of their clothes!";
				"INFOPLIST_KEY_UIApplicationSceneManifest_Generation[sdk=iphoneos*]" = YES;
				"INFOPLIST_KEY_UIApplicationSceneManifest_Generation[sdk=iphonesimulator*]" = YES;
				"INFOPLIST_KEY_UIApplicationSupportsIndirectInputEvents[sdk=iphoneos*]" = YES;
				"INFOPLIST_KEY_UIApplicationSupportsIndirectInputEvents[sdk=iphonesimulator*]" = YES;
				"INFOPLIST_KEY_UILaunchScreen_Generation[sdk=iphoneos*]" = YES;
				"INFOPLIST_KEY_UILaunchScreen_Generation[sdk=iphonesimulator*]" = YES;
				"INFOPLIST_KEY_UIStatusBarStyle[sdk=iphoneos*]" = UIStatusBarStyleDefault;
				"INFOPLIST_KEY_UIStatusBarStyle[sdk=iphonesimulator*]" = UIStatusBarStyleDefault;
				INFOPLIST_KEY_UISupportedInterfaceOrientations_iPad = "UIInterfaceOrientationPortrait UIInterfaceOrientationPortraitUpsideDown UIInterfaceOrientationLandscapeLeft UIInterfaceOrientationLandscapeRight";
				INFOPLIST_KEY_UISupportedInterfaceOrientations_iPhone = "UIInterfaceOrientationPortrait UIInterfaceOrientationLandscapeLeft UIInterfaceOrientationLandscapeRight";
				IPHONEOS_DEPLOYMENT_TARGET = 16;
				LD_RUNPATH_SEARCH_PATHS = "@executable_path/Frameworks";
				"LD_RUNPATH_SEARCH_PATHS[sdk=macosx*]" = "@executable_path/../Frameworks";
				MACOSX_DEPLOYMENT_TARGET = 14.0;
				MARKETING_VERSION = 1.0;
				OTHER_LDFLAGS = "-ObjC";
				PRODUCT_BUNDLE_IDENTIFIER = "com.testflight.test.OOTD-Swift";
				PRODUCT_NAME = "$(TARGET_NAME)";
				SDKROOT = auto;
				SUPPORTED_PLATFORMS = "iphoneos iphonesimulator";
				SUPPORTS_MACCATALYST = NO;
				SWIFT_EMIT_LOC_STRINGS = YES;
				SWIFT_VERSION = 5.0;
				TARGETED_DEVICE_FAMILY = "1,2";
			};
			name = Release;
		};
		8985B7952B75D7A7000E8DED /* Debug */ = {
			isa = XCBuildConfiguration;
			buildSettings = {
				ALWAYS_EMBED_SWIFT_STANDARD_LIBRARIES = YES;
				BUNDLE_LOADER = "$(TEST_HOST)";
				CODE_SIGN_STYLE = Automatic;
				CURRENT_PROJECT_VERSION = 1;
				DEAD_CODE_STRIPPING = YES;
				GENERATE_INFOPLIST_FILE = YES;
				IPHONEOS_DEPLOYMENT_TARGET = 17.2;
				MACOSX_DEPLOYMENT_TARGET = 14.0;
				MARKETING_VERSION = 1.0;
				PRODUCT_BUNDLE_IDENTIFIER = "com.testflight..OOTD-SwiftTests";
				PRODUCT_NAME = "$(TARGET_NAME)";
				SDKROOT = auto;
				SUPPORTED_PLATFORMS = "iphoneos iphonesimulator macosx";
				SWIFT_EMIT_LOC_STRINGS = NO;
				SWIFT_VERSION = 5.0;
				TARGETED_DEVICE_FAMILY = "1,2";
				TEST_HOST = "$(BUILT_PRODUCTS_DIR)/OOTD-Swift.app/$(BUNDLE_EXECUTABLE_FOLDER_PATH)/OOTD-Swift";
			};
			name = Debug;
		};
		8985B7962B75D7A7000E8DED /* Release */ = {
			isa = XCBuildConfiguration;
			buildSettings = {
				ALWAYS_EMBED_SWIFT_STANDARD_LIBRARIES = YES;
				BUNDLE_LOADER = "$(TEST_HOST)";
				CODE_SIGN_STYLE = Automatic;
				CURRENT_PROJECT_VERSION = 1;
				DEAD_CODE_STRIPPING = YES;
				GENERATE_INFOPLIST_FILE = YES;
				IPHONEOS_DEPLOYMENT_TARGET = 17.2;
				MACOSX_DEPLOYMENT_TARGET = 14.0;
				MARKETING_VERSION = 1.0;
				PRODUCT_BUNDLE_IDENTIFIER = "com.testflight..OOTD-SwiftTests";
				PRODUCT_NAME = "$(TARGET_NAME)";
				SDKROOT = auto;
				SUPPORTED_PLATFORMS = "iphoneos iphonesimulator macosx";
				SWIFT_EMIT_LOC_STRINGS = NO;
				SWIFT_VERSION = 5.0;
				TARGETED_DEVICE_FAMILY = "1,2";
				TEST_HOST = "$(BUILT_PRODUCTS_DIR)/OOTD-Swift.app/$(BUNDLE_EXECUTABLE_FOLDER_PATH)/OOTD-Swift";
			};
			name = Release;
		};
		8985B7982B75D7A7000E8DED /* Debug */ = {
			isa = XCBuildConfiguration;
			buildSettings = {
				ALWAYS_EMBED_SWIFT_STANDARD_LIBRARIES = YES;
				CODE_SIGN_STYLE = Automatic;
				CURRENT_PROJECT_VERSION = 1;
				DEAD_CODE_STRIPPING = YES;
				GENERATE_INFOPLIST_FILE = YES;
				IPHONEOS_DEPLOYMENT_TARGET = 17.2;
				MACOSX_DEPLOYMENT_TARGET = 14.0;
				MARKETING_VERSION = 1.0;
				PRODUCT_BUNDLE_IDENTIFIER = "com.testflight..OOTD-SwiftUITests";
				PRODUCT_NAME = "$(TARGET_NAME)";
				SDKROOT = auto;
				SUPPORTED_PLATFORMS = "iphoneos iphonesimulator macosx";
				SWIFT_EMIT_LOC_STRINGS = NO;
				SWIFT_VERSION = 5.0;
				TARGETED_DEVICE_FAMILY = "1,2";
				TEST_TARGET_NAME = "OOTD-Swift";
			};
			name = Debug;
		};
		8985B7992B75D7A7000E8DED /* Release */ = {
			isa = XCBuildConfiguration;
			buildSettings = {
				ALWAYS_EMBED_SWIFT_STANDARD_LIBRARIES = YES;
				CODE_SIGN_STYLE = Automatic;
				CURRENT_PROJECT_VERSION = 1;
				DEAD_CODE_STRIPPING = YES;
				GENERATE_INFOPLIST_FILE = YES;
				IPHONEOS_DEPLOYMENT_TARGET = 17.2;
				MACOSX_DEPLOYMENT_TARGET = 14.0;
				MARKETING_VERSION = 1.0;
				PRODUCT_BUNDLE_IDENTIFIER = "com.testflight..OOTD-SwiftUITests";
				PRODUCT_NAME = "$(TARGET_NAME)";
				SDKROOT = auto;
				SUPPORTED_PLATFORMS = "iphoneos iphonesimulator macosx";
				SWIFT_EMIT_LOC_STRINGS = NO;
				SWIFT_VERSION = 5.0;
				TARGETED_DEVICE_FAMILY = "1,2";
				TEST_TARGET_NAME = "OOTD-Swift";
			};
			name = Release;
		};
/* End XCBuildConfiguration section */

/* Begin XCConfigurationList section */
		8985B7612B75D7A6000E8DED /* Build configuration list for PBXProject "OOTD-Swift" */ = {
			isa = XCConfigurationList;
			buildConfigurations = (
				8985B78F2B75D7A7000E8DED /* Debug */,
				8985B7902B75D7A7000E8DED /* Release */,
			);
			defaultConfigurationIsVisible = 0;
			defaultConfigurationName = Release;
		};
		8985B7912B75D7A7000E8DED /* Build configuration list for PBXNativeTarget "OOTD-Swift" */ = {
			isa = XCConfigurationList;
			buildConfigurations = (
				8985B7922B75D7A7000E8DED /* Debug */,
				8985B7932B75D7A7000E8DED /* Release */,
			);
			defaultConfigurationIsVisible = 0;
			defaultConfigurationName = Release;
		};
		8985B7942B75D7A7000E8DED /* Build configuration list for PBXNativeTarget "OOTD-SwiftTests" */ = {
			isa = XCConfigurationList;
			buildConfigurations = (
				8985B7952B75D7A7000E8DED /* Debug */,
				8985B7962B75D7A7000E8DED /* Release */,
			);
			defaultConfigurationIsVisible = 0;
			defaultConfigurationName = Release;
		};
		8985B7972B75D7A7000E8DED /* Build configuration list for PBXNativeTarget "OOTD-SwiftUITests" */ = {
			isa = XCConfigurationList;
			buildConfigurations = (
				8985B7982B75D7A7000E8DED /* Debug */,
				8985B7992B75D7A7000E8DED /* Release */,
			);
			defaultConfigurationIsVisible = 0;
			defaultConfigurationName = Release;
		};
/* End XCConfigurationList section */

/* Begin XCRemoteSwiftPackageReference section */
		343F07762B86B242007DBE14 /* XCRemoteSwiftPackageReference "GoogleSignIn-iOS" */ = {
			isa = XCRemoteSwiftPackageReference;
			repositoryURL = "https://github.com/google/GoogleSignIn-iOS";
			requirement = {
				kind = upToNextMajorVersion;
				minimumVersion = 7.0.0;
			};
		};
		893227EA2B813E44002D693D /* XCRemoteSwiftPackageReference "firebase-ios-sdk" */ = {
			isa = XCRemoteSwiftPackageReference;
			repositoryURL = "https://github.com/firebase/firebase-ios-sdk";
			requirement = {
				kind = upToNextMajorVersion;
				minimumVersion = 10.21.0;
			};
		};
		CCEEB7C02BB4BDC100B40AE2 /* XCRemoteSwiftPackageReference "SwiftCSV" */ = {
			isa = XCRemoteSwiftPackageReference;
			repositoryURL = "https://github.com/naoty/SwiftCSV.git";
			requirement = {
				kind = upToNextMajorVersion;
				minimumVersion = 0.9.1;
			};
		};
/* End XCRemoteSwiftPackageReference section */

/* Begin XCSwiftPackageProductDependency section */
		89F6E5272BB527C500CE02D9 /* FirebaseAnalytics */ = {
			isa = XCSwiftPackageProductDependency;
			package = 893227EA2B813E44002D693D /* XCRemoteSwiftPackageReference "firebase-ios-sdk" */;
			productName = FirebaseAnalytics;
		};
		89F6E5292BB527C500CE02D9 /* FirebaseAnalyticsOnDeviceConversion */ = {
			isa = XCSwiftPackageProductDependency;
			package = 893227EA2B813E44002D693D /* XCRemoteSwiftPackageReference "firebase-ios-sdk" */;
			productName = FirebaseAnalyticsOnDeviceConversion;
		};
		89F6E52B2BB527C500CE02D9 /* FirebaseAnalyticsSwift */ = {
			isa = XCSwiftPackageProductDependency;
			package = 893227EA2B813E44002D693D /* XCRemoteSwiftPackageReference "firebase-ios-sdk" */;
			productName = FirebaseAnalyticsSwift;
		};
		89F6E52D2BB527C500CE02D9 /* FirebaseAnalyticsWithoutAdIdSupport */ = {
			isa = XCSwiftPackageProductDependency;
			package = 893227EA2B813E44002D693D /* XCRemoteSwiftPackageReference "firebase-ios-sdk" */;
			productName = FirebaseAnalyticsWithoutAdIdSupport;
		};
		89F6E52F2BB527C500CE02D9 /* FirebaseAppCheck */ = {
			isa = XCSwiftPackageProductDependency;
			package = 893227EA2B813E44002D693D /* XCRemoteSwiftPackageReference "firebase-ios-sdk" */;
			productName = FirebaseAppCheck;
		};
		89F6E5312BB527C500CE02D9 /* FirebaseAppDistribution-Beta */ = {
			isa = XCSwiftPackageProductDependency;
			package = 893227EA2B813E44002D693D /* XCRemoteSwiftPackageReference "firebase-ios-sdk" */;
			productName = "FirebaseAppDistribution-Beta";
		};
		89F6E5332BB527C500CE02D9 /* FirebaseAuth */ = {
			isa = XCSwiftPackageProductDependency;
			package = 893227EA2B813E44002D693D /* XCRemoteSwiftPackageReference "firebase-ios-sdk" */;
			productName = FirebaseAuth;
		};
		89F6E5352BB527C500CE02D9 /* FirebaseAuthCombine-Community */ = {
			isa = XCSwiftPackageProductDependency;
			package = 893227EA2B813E44002D693D /* XCRemoteSwiftPackageReference "firebase-ios-sdk" */;
			productName = "FirebaseAuthCombine-Community";
		};
		89F6E5372BB527C500CE02D9 /* FirebaseCrashlytics */ = {
			isa = XCSwiftPackageProductDependency;
			package = 893227EA2B813E44002D693D /* XCRemoteSwiftPackageReference "firebase-ios-sdk" */;
			productName = FirebaseCrashlytics;
		};
		89F6E5392BB527C500CE02D9 /* FirebaseDatabase */ = {
			isa = XCSwiftPackageProductDependency;
			package = 893227EA2B813E44002D693D /* XCRemoteSwiftPackageReference "firebase-ios-sdk" */;
			productName = FirebaseDatabase;
		};
		89F6E53B2BB527C500CE02D9 /* FirebaseDatabaseSwift */ = {
			isa = XCSwiftPackageProductDependency;
			package = 893227EA2B813E44002D693D /* XCRemoteSwiftPackageReference "firebase-ios-sdk" */;
			productName = FirebaseDatabaseSwift;
		};
		89F6E53D2BB527C500CE02D9 /* FirebaseDynamicLinks */ = {
			isa = XCSwiftPackageProductDependency;
			package = 893227EA2B813E44002D693D /* XCRemoteSwiftPackageReference "firebase-ios-sdk" */;
			productName = FirebaseDynamicLinks;
		};
		89F6E53F2BB527C500CE02D9 /* FirebaseFirestore */ = {
			isa = XCSwiftPackageProductDependency;
			package = 893227EA2B813E44002D693D /* XCRemoteSwiftPackageReference "firebase-ios-sdk" */;
			productName = FirebaseFirestore;
		};
		89F6E5412BB527C500CE02D9 /* FirebaseFirestoreCombine-Community */ = {
			isa = XCSwiftPackageProductDependency;
			package = 893227EA2B813E44002D693D /* XCRemoteSwiftPackageReference "firebase-ios-sdk" */;
			productName = "FirebaseFirestoreCombine-Community";
		};
		89F6E5432BB527C500CE02D9 /* FirebaseFirestoreSwift */ = {
			isa = XCSwiftPackageProductDependency;
			package = 893227EA2B813E44002D693D /* XCRemoteSwiftPackageReference "firebase-ios-sdk" */;
			productName = FirebaseFirestoreSwift;
		};
		89F6E5452BB527C500CE02D9 /* FirebaseFunctions */ = {
			isa = XCSwiftPackageProductDependency;
			package = 893227EA2B813E44002D693D /* XCRemoteSwiftPackageReference "firebase-ios-sdk" */;
			productName = FirebaseFunctions;
		};
		89F6E5472BB527C500CE02D9 /* FirebaseFunctionsCombine-Community */ = {
			isa = XCSwiftPackageProductDependency;
			package = 893227EA2B813E44002D693D /* XCRemoteSwiftPackageReference "firebase-ios-sdk" */;
			productName = "FirebaseFunctionsCombine-Community";
		};
		89F6E5492BB527C500CE02D9 /* FirebaseInAppMessaging-Beta */ = {
			isa = XCSwiftPackageProductDependency;
			package = 893227EA2B813E44002D693D /* XCRemoteSwiftPackageReference "firebase-ios-sdk" */;
			productName = "FirebaseInAppMessaging-Beta";
		};
		89F6E54B2BB527C500CE02D9 /* FirebaseInAppMessagingSwift-Beta */ = {
			isa = XCSwiftPackageProductDependency;
			package = 893227EA2B813E44002D693D /* XCRemoteSwiftPackageReference "firebase-ios-sdk" */;
			productName = "FirebaseInAppMessagingSwift-Beta";
		};
		89F6E54D2BB527C500CE02D9 /* FirebaseInstallations */ = {
			isa = XCSwiftPackageProductDependency;
			package = 893227EA2B813E44002D693D /* XCRemoteSwiftPackageReference "firebase-ios-sdk" */;
			productName = FirebaseInstallations;
		};
		89F6E54F2BB527C500CE02D9 /* FirebaseMessaging */ = {
			isa = XCSwiftPackageProductDependency;
			package = 893227EA2B813E44002D693D /* XCRemoteSwiftPackageReference "firebase-ios-sdk" */;
			productName = FirebaseMessaging;
		};
		89F6E5512BB527C500CE02D9 /* FirebaseMLModelDownloader */ = {
			isa = XCSwiftPackageProductDependency;
			package = 893227EA2B813E44002D693D /* XCRemoteSwiftPackageReference "firebase-ios-sdk" */;
			productName = FirebaseMLModelDownloader;
		};
		89F6E5532BB527C500CE02D9 /* FirebasePerformance */ = {
			isa = XCSwiftPackageProductDependency;
			package = 893227EA2B813E44002D693D /* XCRemoteSwiftPackageReference "firebase-ios-sdk" */;
			productName = FirebasePerformance;
		};
		89F6E5552BB527C500CE02D9 /* FirebaseRemoteConfig */ = {
			isa = XCSwiftPackageProductDependency;
			package = 893227EA2B813E44002D693D /* XCRemoteSwiftPackageReference "firebase-ios-sdk" */;
			productName = FirebaseRemoteConfig;
		};
		89F6E5572BB527C500CE02D9 /* FirebaseRemoteConfigSwift */ = {
			isa = XCSwiftPackageProductDependency;
			package = 893227EA2B813E44002D693D /* XCRemoteSwiftPackageReference "firebase-ios-sdk" */;
			productName = FirebaseRemoteConfigSwift;
		};
		89F6E5592BB527C500CE02D9 /* FirebaseStorage */ = {
			isa = XCSwiftPackageProductDependency;
			package = 893227EA2B813E44002D693D /* XCRemoteSwiftPackageReference "firebase-ios-sdk" */;
			productName = FirebaseStorage;
		};
		89F6E55B2BB527C500CE02D9 /* FirebaseStorageCombine-Community */ = {
			isa = XCSwiftPackageProductDependency;
			package = 893227EA2B813E44002D693D /* XCRemoteSwiftPackageReference "firebase-ios-sdk" */;
			productName = "FirebaseStorageCombine-Community";
		};
		89F6E55D2BB528B900CE02D9 /* GoogleSignInSwift */ = {
			isa = XCSwiftPackageProductDependency;
			package = 343F07762B86B242007DBE14 /* XCRemoteSwiftPackageReference "GoogleSignIn-iOS" */;
			productName = GoogleSignInSwift;
		};
		89F6E55F2BB528D700CE02D9 /* SwiftCSV */ = {
			isa = XCSwiftPackageProductDependency;
			package = CCEEB7C02BB4BDC100B40AE2 /* XCRemoteSwiftPackageReference "SwiftCSV" */;
			productName = SwiftCSV;
		};
/* End XCSwiftPackageProductDependency section */

/* Begin XCVersionGroup section */
		8985B76D2B75D7A6000E8DED /* OOTD_Swift.xcdatamodeld */ = {
			isa = XCVersionGroup;
			children = (
				8985B76E2B75D7A6000E8DED /* OOTD_Swift.xcdatamodel */,
			);
			currentVersion = 8985B76E2B75D7A6000E8DED /* OOTD_Swift.xcdatamodel */;
			path = OOTD_Swift.xcdatamodeld;
			sourceTree = "<group>";
			versionGroupType = wrapper.xcdatamodel;
		};
/* End XCVersionGroup section */
	};
	rootObject = 8985B75E2B75D7A6000E8DED /* Project object */;
}
