// !$*UTF8*$!
{
	archiveVersion = 1;
	classes = {
	};
	objectVersion = 56;
	objects = {

/* Begin PBXBuildFile section */
		34A177F62B8154FF00265C56 /* DashboardNav.swift in Sources */ = {isa = PBXBuildFile; fileRef = 34A177F52B8154FF00265C56 /* DashboardNav.swift */; };
		34A177FA2B81552200265C56 /* OutfitsView.swift in Sources */ = {isa = PBXBuildFile; fileRef = 34A177F92B81552200265C56 /* OutfitsView.swift */; };
		34A177FC2B81553400265C56 /* FavoritesView.swift in Sources */ = {isa = PBXBuildFile; fileRef = 34A177FB2B81553400265C56 /* FavoritesView.swift */; };
		34A178002B81556900265C56 /* FeedView.swift in Sources */ = {isa = PBXBuildFile; fileRef = 34A177FF2B81556900265C56 /* FeedView.swift */; };
		34A178022B81557500265C56 /* FriendsView.swift in Sources */ = {isa = PBXBuildFile; fileRef = 34A178012B81557500265C56 /* FriendsView.swift */; };
		34A178042B81557F00265C56 /* PostsView.swift in Sources */ = {isa = PBXBuildFile; fileRef = 34A178032B81557F00265C56 /* PostsView.swift */; };
		34A178062B81558E00265C56 /* CategoriesView.swift in Sources */ = {isa = PBXBuildFile; fileRef = 34A178052B81558E00265C56 /* CategoriesView.swift */; };
		34A178082B81559600265C56 /* TrendingView.swift in Sources */ = {isa = PBXBuildFile; fileRef = 34A178072B81559600265C56 /* TrendingView.swift */; };
		34A1780A2B8155A500265C56 /* RecommendedView.swift in Sources */ = {isa = PBXBuildFile; fileRef = 34A178092B8155A500265C56 /* RecommendedView.swift */; };
		34A1780C2B8156E600265C56 /* ClothesView.swift in Sources */ = {isa = PBXBuildFile; fileRef = 34A1780B2B8156E600265C56 /* ClothesView.swift */; };
		52272DEF2B85CB9900922262 /* GoogleService-Info.plist in Resources */ = {isa = PBXBuildFile; fileRef = 52272DEE2B85CB9900922262 /* GoogleService-Info.plist */; };
		52272DF12B85CEA100922262 /* Welcome.swift in Sources */ = {isa = PBXBuildFile; fileRef = 52272DF02B85CEA100922262 /* Welcome.swift */; };
		52358BAD2B7FFC5E00619E85 /* Profile.swift in Sources */ = {isa = PBXBuildFile; fileRef = 52358BAC2B7FFC5E00619E85 /* Profile.swift */; };
		52D6A5812B801DCE00496804 /* DeleteAccount.swift in Sources */ = {isa = PBXBuildFile; fileRef = 52D6A5802B801DCE00496804 /* DeleteAccount.swift */; };
		8915767D2B7F1422006947E4 /* Closet.swift in Sources */ = {isa = PBXBuildFile; fileRef = 8915767C2B7F1422006947E4 /* Closet.swift */; };
		891576802B7F1440006947E4 /* BottomNavBar.swift in Sources */ = {isa = PBXBuildFile; fileRef = 8915767F2B7F1440006947E4 /* BottomNavBar.swift */; };
		893227ED2B813E86002D693D /* AppDelegate.swift in Sources */ = {isa = PBXBuildFile; fileRef = 893227EC2B813E86002D693D /* AppDelegate.swift */; };
		893227F02B815A81002D693D /* FirebaseAnalytics in Frameworks */ = {isa = PBXBuildFile; productRef = 893227EF2B815A81002D693D /* FirebaseAnalytics */; };
		893227F22B815A81002D693D /* FirebaseAnalyticsOnDeviceConversion in Frameworks */ = {isa = PBXBuildFile; productRef = 893227F12B815A81002D693D /* FirebaseAnalyticsOnDeviceConversion */; };
		893227F42B815A81002D693D /* FirebaseAnalyticsSwift in Frameworks */ = {isa = PBXBuildFile; productRef = 893227F32B815A81002D693D /* FirebaseAnalyticsSwift */; };
		893227F62B815A81002D693D /* FirebaseAnalyticsWithoutAdIdSupport in Frameworks */ = {isa = PBXBuildFile; productRef = 893227F52B815A81002D693D /* FirebaseAnalyticsWithoutAdIdSupport */; };
		893227F82B815A81002D693D /* FirebaseAppCheck in Frameworks */ = {isa = PBXBuildFile; productRef = 893227F72B815A81002D693D /* FirebaseAppCheck */; };
		893227FA2B815A81002D693D /* FirebaseAppDistribution-Beta in Frameworks */ = {isa = PBXBuildFile; productRef = 893227F92B815A81002D693D /* FirebaseAppDistribution-Beta */; };
		893227FC2B815A81002D693D /* FirebaseAuth in Frameworks */ = {isa = PBXBuildFile; productRef = 893227FB2B815A81002D693D /* FirebaseAuth */; };
		893227FE2B815A81002D693D /* FirebaseAuthCombine-Community in Frameworks */ = {isa = PBXBuildFile; productRef = 893227FD2B815A81002D693D /* FirebaseAuthCombine-Community */; };
		893228002B815A81002D693D /* FirebaseCrashlytics in Frameworks */ = {isa = PBXBuildFile; productRef = 893227FF2B815A81002D693D /* FirebaseCrashlytics */; };
		893228022B815A81002D693D /* FirebaseDatabase in Frameworks */ = {isa = PBXBuildFile; productRef = 893228012B815A81002D693D /* FirebaseDatabase */; };
		893228042B815A81002D693D /* FirebaseDatabaseSwift in Frameworks */ = {isa = PBXBuildFile; productRef = 893228032B815A81002D693D /* FirebaseDatabaseSwift */; };
		893228062B815A81002D693D /* FirebaseDynamicLinks in Frameworks */ = {isa = PBXBuildFile; productRef = 893228052B815A81002D693D /* FirebaseDynamicLinks */; };
		893228082B815A81002D693D /* FirebaseFirestore in Frameworks */ = {isa = PBXBuildFile; productRef = 893228072B815A81002D693D /* FirebaseFirestore */; };
		8932280A2B815A81002D693D /* FirebaseFirestoreCombine-Community in Frameworks */ = {isa = PBXBuildFile; productRef = 893228092B815A81002D693D /* FirebaseFirestoreCombine-Community */; };
		8932280C2B815A81002D693D /* FirebaseFirestoreSwift in Frameworks */ = {isa = PBXBuildFile; productRef = 8932280B2B815A81002D693D /* FirebaseFirestoreSwift */; };
		8932280E2B815A81002D693D /* FirebaseFunctions in Frameworks */ = {isa = PBXBuildFile; productRef = 8932280D2B815A81002D693D /* FirebaseFunctions */; };
		893228102B815A81002D693D /* FirebaseFunctionsCombine-Community in Frameworks */ = {isa = PBXBuildFile; productRef = 8932280F2B815A81002D693D /* FirebaseFunctionsCombine-Community */; };
		893228122B815A81002D693D /* FirebaseInAppMessaging-Beta in Frameworks */ = {isa = PBXBuildFile; productRef = 893228112B815A81002D693D /* FirebaseInAppMessaging-Beta */; };
		893228142B815A81002D693D /* FirebaseInAppMessagingSwift-Beta in Frameworks */ = {isa = PBXBuildFile; productRef = 893228132B815A81002D693D /* FirebaseInAppMessagingSwift-Beta */; };
		893228162B815A81002D693D /* FirebaseInstallations in Frameworks */ = {isa = PBXBuildFile; productRef = 893228152B815A81002D693D /* FirebaseInstallations */; };
		893228182B815A81002D693D /* FirebaseMessaging in Frameworks */ = {isa = PBXBuildFile; productRef = 893228172B815A81002D693D /* FirebaseMessaging */; };
		8932281A2B815A81002D693D /* FirebaseMLModelDownloader in Frameworks */ = {isa = PBXBuildFile; productRef = 893228192B815A81002D693D /* FirebaseMLModelDownloader */; };
		8932281C2B815A81002D693D /* FirebasePerformance in Frameworks */ = {isa = PBXBuildFile; productRef = 8932281B2B815A81002D693D /* FirebasePerformance */; };
		8932281E2B815A81002D693D /* FirebaseRemoteConfig in Frameworks */ = {isa = PBXBuildFile; productRef = 8932281D2B815A81002D693D /* FirebaseRemoteConfig */; };
		893228202B815A81002D693D /* FirebaseRemoteConfigSwift in Frameworks */ = {isa = PBXBuildFile; productRef = 8932281F2B815A81002D693D /* FirebaseRemoteConfigSwift */; };
		893228222B815A81002D693D /* FirebaseStorage in Frameworks */ = {isa = PBXBuildFile; productRef = 893228212B815A81002D693D /* FirebaseStorage */; };
		893228242B815A81002D693D /* FirebaseStorageCombine-Community in Frameworks */ = {isa = PBXBuildFile; productRef = 893228232B815A81002D693D /* FirebaseStorageCombine-Community */; };
		8985B76A2B75D7A6000E8DED /* OOTD_SwiftApp.swift in Sources */ = {isa = PBXBuildFile; fileRef = 8985B7692B75D7A6000E8DED /* OOTD_SwiftApp.swift */; };
		8985B76C2B75D7A6000E8DED /* Persistence.swift in Sources */ = {isa = PBXBuildFile; fileRef = 8985B76B2B75D7A6000E8DED /* Persistence.swift */; };
		8985B76F2B75D7A6000E8DED /* OOTD_Swift.xcdatamodeld in Sources */ = {isa = PBXBuildFile; fileRef = 8985B76D2B75D7A6000E8DED /* OOTD_Swift.xcdatamodeld */; };
		8985B7712B75D7A6000E8DED /* ContentView.swift in Sources */ = {isa = PBXBuildFile; fileRef = 8985B7702B75D7A6000E8DED /* ContentView.swift */; };
		8985B7732B75D7A7000E8DED /* Assets.xcassets in Resources */ = {isa = PBXBuildFile; fileRef = 8985B7722B75D7A7000E8DED /* Assets.xcassets */; };
		8985B7772B75D7A7000E8DED /* Preview Assets.xcassets in Resources */ = {isa = PBXBuildFile; fileRef = 8985B7762B75D7A7000E8DED /* Preview Assets.xcassets */; };
		8985B7822B75D7A7000E8DED /* OOTD_SwiftTests.swift in Sources */ = {isa = PBXBuildFile; fileRef = 8985B7812B75D7A7000E8DED /* OOTD_SwiftTests.swift */; };
		8985B78C2B75D7A7000E8DED /* OOTD_SwiftUITests.swift in Sources */ = {isa = PBXBuildFile; fileRef = 8985B78B2B75D7A7000E8DED /* OOTD_SwiftUITests.swift */; };
		8985B78E2B75D7A7000E8DED /* OOTD_SwiftUITestsLaunchTests.swift in Sources */ = {isa = PBXBuildFile; fileRef = 8985B78D2B75D7A7000E8DED /* OOTD_SwiftUITestsLaunchTests.swift */; };
		CCDE677F2B7F1E9C00599FE8 /* Login.swift in Sources */ = {isa = PBXBuildFile; fileRef = CCDE677E2B7F1E9C00599FE8 /* Login.swift */; };
		CCDE67842B8138BD00599FE8 /* Signup.swift in Sources */ = {isa = PBXBuildFile; fileRef = CCDE67832B8138BD00599FE8 /* Signup.swift */; };
/* End PBXBuildFile section */

/* Begin PBXContainerItemProxy section */
		8985B77E2B75D7A7000E8DED /* PBXContainerItemProxy */ = {
			isa = PBXContainerItemProxy;
			containerPortal = 8985B75E2B75D7A6000E8DED /* Project object */;
			proxyType = 1;
			remoteGlobalIDString = 8985B7652B75D7A6000E8DED;
			remoteInfo = "OOTD-Swift";
		};
		8985B7882B75D7A7000E8DED /* PBXContainerItemProxy */ = {
			isa = PBXContainerItemProxy;
			containerPortal = 8985B75E2B75D7A6000E8DED /* Project object */;
			proxyType = 1;
			remoteGlobalIDString = 8985B7652B75D7A6000E8DED;
			remoteInfo = "OOTD-Swift";
		};
/* End PBXContainerItemProxy section */

/* Begin PBXFileReference section */
		34A177F52B8154FF00265C56 /* DashboardNav.swift */ = {isa = PBXFileReference; lastKnownFileType = sourcecode.swift; path = DashboardNav.swift; sourceTree = "<group>"; };
		34A177F92B81552200265C56 /* OutfitsView.swift */ = {isa = PBXFileReference; lastKnownFileType = sourcecode.swift; path = OutfitsView.swift; sourceTree = "<group>"; };
		34A177FB2B81553400265C56 /* FavoritesView.swift */ = {isa = PBXFileReference; lastKnownFileType = sourcecode.swift; path = FavoritesView.swift; sourceTree = "<group>"; };
		34A177FF2B81556900265C56 /* FeedView.swift */ = {isa = PBXFileReference; lastKnownFileType = sourcecode.swift; path = FeedView.swift; sourceTree = "<group>"; };
		34A178012B81557500265C56 /* FriendsView.swift */ = {isa = PBXFileReference; lastKnownFileType = sourcecode.swift; path = FriendsView.swift; sourceTree = "<group>"; };
		34A178032B81557F00265C56 /* PostsView.swift */ = {isa = PBXFileReference; lastKnownFileType = sourcecode.swift; path = PostsView.swift; sourceTree = "<group>"; };
		34A178052B81558E00265C56 /* CategoriesView.swift */ = {isa = PBXFileReference; lastKnownFileType = sourcecode.swift; path = CategoriesView.swift; sourceTree = "<group>"; };
		34A178072B81559600265C56 /* TrendingView.swift */ = {isa = PBXFileReference; lastKnownFileType = sourcecode.swift; path = TrendingView.swift; sourceTree = "<group>"; };
		34A178092B8155A500265C56 /* RecommendedView.swift */ = {isa = PBXFileReference; lastKnownFileType = sourcecode.swift; path = RecommendedView.swift; sourceTree = "<group>"; };
		34A1780B2B8156E600265C56 /* ClothesView.swift */ = {isa = PBXFileReference; lastKnownFileType = sourcecode.swift; path = ClothesView.swift; sourceTree = "<group>"; };
		52272DEE2B85CB9900922262 /* GoogleService-Info.plist */ = {isa = PBXFileReference; fileEncoding = 4; lastKnownFileType = text.plist.xml; path = "GoogleService-Info.plist"; sourceTree = "<group>"; };
		52272DF02B85CEA100922262 /* Welcome.swift */ = {isa = PBXFileReference; lastKnownFileType = sourcecode.swift; path = Welcome.swift; sourceTree = "<group>"; };
		52358BAC2B7FFC5E00619E85 /* Profile.swift */ = {isa = PBXFileReference; lastKnownFileType = sourcecode.swift; path = Profile.swift; sourceTree = "<group>"; };
		52D6A5802B801DCE00496804 /* DeleteAccount.swift */ = {isa = PBXFileReference; lastKnownFileType = sourcecode.swift; path = DeleteAccount.swift; sourceTree = "<group>"; };
		8915767C2B7F1422006947E4 /* Closet.swift */ = {isa = PBXFileReference; lastKnownFileType = sourcecode.swift; path = Closet.swift; sourceTree = "<group>"; };
		8915767F2B7F1440006947E4 /* BottomNavBar.swift */ = {isa = PBXFileReference; lastKnownFileType = sourcecode.swift; path = BottomNavBar.swift; sourceTree = "<group>"; };
		893227EC2B813E86002D693D /* AppDelegate.swift */ = {isa = PBXFileReference; lastKnownFileType = sourcecode.swift; path = AppDelegate.swift; sourceTree = "<group>"; };
		8985B7662B75D7A6000E8DED /* OOTD-Swift.app */ = {isa = PBXFileReference; explicitFileType = wrapper.application; includeInIndex = 0; path = "OOTD-Swift.app"; sourceTree = BUILT_PRODUCTS_DIR; };
		8985B7692B75D7A6000E8DED /* OOTD_SwiftApp.swift */ = {isa = PBXFileReference; lastKnownFileType = sourcecode.swift; path = OOTD_SwiftApp.swift; sourceTree = "<group>"; };
		8985B76B2B75D7A6000E8DED /* Persistence.swift */ = {isa = PBXFileReference; lastKnownFileType = sourcecode.swift; path = Persistence.swift; sourceTree = "<group>"; };
		8985B76E2B75D7A6000E8DED /* OOTD_Swift.xcdatamodel */ = {isa = PBXFileReference; lastKnownFileType = wrapper.xcdatamodel; path = OOTD_Swift.xcdatamodel; sourceTree = "<group>"; };
		8985B7702B75D7A6000E8DED /* ContentView.swift */ = {isa = PBXFileReference; lastKnownFileType = sourcecode.swift; path = ContentView.swift; sourceTree = "<group>"; };
		8985B7722B75D7A7000E8DED /* Assets.xcassets */ = {isa = PBXFileReference; lastKnownFileType = folder.assetcatalog; path = Assets.xcassets; sourceTree = "<group>"; };
		8985B7742B75D7A7000E8DED /* OOTD_Swift.entitlements */ = {isa = PBXFileReference; lastKnownFileType = text.plist.entitlements; path = OOTD_Swift.entitlements; sourceTree = "<group>"; };
		8985B7762B75D7A7000E8DED /* Preview Assets.xcassets */ = {isa = PBXFileReference; lastKnownFileType = folder.assetcatalog; path = "Preview Assets.xcassets"; sourceTree = "<group>"; };
		8985B77D2B75D7A7000E8DED /* OOTD-SwiftTests.xctest */ = {isa = PBXFileReference; explicitFileType = wrapper.cfbundle; includeInIndex = 0; path = "OOTD-SwiftTests.xctest"; sourceTree = BUILT_PRODUCTS_DIR; };
		8985B7812B75D7A7000E8DED /* OOTD_SwiftTests.swift */ = {isa = PBXFileReference; lastKnownFileType = sourcecode.swift; path = OOTD_SwiftTests.swift; sourceTree = "<group>"; };
		8985B7872B75D7A7000E8DED /* OOTD-SwiftUITests.xctest */ = {isa = PBXFileReference; explicitFileType = wrapper.cfbundle; includeInIndex = 0; path = "OOTD-SwiftUITests.xctest"; sourceTree = BUILT_PRODUCTS_DIR; };
		8985B78B2B75D7A7000E8DED /* OOTD_SwiftUITests.swift */ = {isa = PBXFileReference; lastKnownFileType = sourcecode.swift; path = OOTD_SwiftUITests.swift; sourceTree = "<group>"; };
		8985B78D2B75D7A7000E8DED /* OOTD_SwiftUITestsLaunchTests.swift */ = {isa = PBXFileReference; lastKnownFileType = sourcecode.swift; path = OOTD_SwiftUITestsLaunchTests.swift; sourceTree = "<group>"; };
		CCDE677E2B7F1E9C00599FE8 /* Login.swift */ = {isa = PBXFileReference; lastKnownFileType = sourcecode.swift; path = Login.swift; sourceTree = "<group>"; };
		CCDE67832B8138BD00599FE8 /* Signup.swift */ = {isa = PBXFileReference; lastKnownFileType = sourcecode.swift; path = Signup.swift; sourceTree = "<group>"; };
/* End PBXFileReference section */

/* Begin PBXFrameworksBuildPhase section */
		8985B7632B75D7A6000E8DED /* Frameworks */ = {
			isa = PBXFrameworksBuildPhase;
			buildActionMask = 2147483647;
			files = (
				893228022B815A81002D693D /* FirebaseDatabase in Frameworks */,
				893228102B815A81002D693D /* FirebaseFunctionsCombine-Community in Frameworks */,
				893228082B815A81002D693D /* FirebaseFirestore in Frameworks */,
				893227F42B815A81002D693D /* FirebaseAnalyticsSwift in Frameworks */,
				893227F02B815A81002D693D /* FirebaseAnalytics in Frameworks */,
				893227F22B815A81002D693D /* FirebaseAnalyticsOnDeviceConversion in Frameworks */,
				8932280C2B815A81002D693D /* FirebaseFirestoreSwift in Frameworks */,
				8932281A2B815A81002D693D /* FirebaseMLModelDownloader in Frameworks */,
				893227F82B815A81002D693D /* FirebaseAppCheck in Frameworks */,
				893227F62B815A81002D693D /* FirebaseAnalyticsWithoutAdIdSupport in Frameworks */,
				893228182B815A81002D693D /* FirebaseMessaging in Frameworks */,
				893227FC2B815A81002D693D /* FirebaseAuth in Frameworks */,
				893228202B815A81002D693D /* FirebaseRemoteConfigSwift in Frameworks */,
				893228002B815A81002D693D /* FirebaseCrashlytics in Frameworks */,
				893228122B815A81002D693D /* FirebaseInAppMessaging-Beta in Frameworks */,
				893228042B815A81002D693D /* FirebaseDatabaseSwift in Frameworks */,
				893228242B815A81002D693D /* FirebaseStorageCombine-Community in Frameworks */,
				8932281E2B815A81002D693D /* FirebaseRemoteConfig in Frameworks */,
				8932280E2B815A81002D693D /* FirebaseFunctions in Frameworks */,
				893227FA2B815A81002D693D /* FirebaseAppDistribution-Beta in Frameworks */,
				8932281C2B815A81002D693D /* FirebasePerformance in Frameworks */,
				893227FE2B815A81002D693D /* FirebaseAuthCombine-Community in Frameworks */,
				893228222B815A81002D693D /* FirebaseStorage in Frameworks */,
				893228142B815A81002D693D /* FirebaseInAppMessagingSwift-Beta in Frameworks */,
				893228062B815A81002D693D /* FirebaseDynamicLinks in Frameworks */,
				8932280A2B815A81002D693D /* FirebaseFirestoreCombine-Community in Frameworks */,
				893228162B815A81002D693D /* FirebaseInstallations in Frameworks */,
			);
			runOnlyForDeploymentPostprocessing = 0;
		};
		8985B77A2B75D7A7000E8DED /* Frameworks */ = {
			isa = PBXFrameworksBuildPhase;
			buildActionMask = 2147483647;
			files = (
			);
			runOnlyForDeploymentPostprocessing = 0;
		};
		8985B7842B75D7A7000E8DED /* Frameworks */ = {
			isa = PBXFrameworksBuildPhase;
			buildActionMask = 2147483647;
			files = (
			);
			runOnlyForDeploymentPostprocessing = 0;
		};
/* End PBXFrameworksBuildPhase section */

/* Begin PBXGroup section */
		34A177F12B81542D00265C56 /* Dashboard */ = {
			isa = PBXGroup;
			children = (
				34A177F42B81544400265C56 /* MarketDashboard */,
				34A177F32B81543C00265C56 /* SocialDashboard */,
				34A177F22B81543400265C56 /* ClosetDashboard */,
				34A177F52B8154FF00265C56 /* DashboardNav.swift */,
			);
			path = Dashboard;
			sourceTree = "<group>";
		};
		34A177F22B81543400265C56 /* ClosetDashboard */ = {
			isa = PBXGroup;
			children = (
				34A177F92B81552200265C56 /* OutfitsView.swift */,
				34A177FB2B81553400265C56 /* FavoritesView.swift */,
				34A1780B2B8156E600265C56 /* ClothesView.swift */,
			);
			path = ClosetDashboard;
			sourceTree = "<group>";
		};
		34A177F32B81543C00265C56 /* SocialDashboard */ = {
			isa = PBXGroup;
			children = (
				34A177FF2B81556900265C56 /* FeedView.swift */,
				34A178012B81557500265C56 /* FriendsView.swift */,
				34A178032B81557F00265C56 /* PostsView.swift */,
			);
			path = SocialDashboard;
			sourceTree = "<group>";
		};
		34A177F42B81544400265C56 /* MarketDashboard */ = {
			isa = PBXGroup;
			children = (
				34A178052B81558E00265C56 /* CategoriesView.swift */,
				34A178072B81559600265C56 /* TrendingView.swift */,
				34A178092B8155A500265C56 /* RecommendedView.swift */,
			);
			path = MarketDashboard;
			sourceTree = "<group>";
		};
		8915767A2B7F13B3006947E4 /* Screens */ = {
			isa = PBXGroup;
			children = (
				34A177F12B81542D00265C56 /* Dashboard */,
				52D6A5802B801DCE00496804 /* DeleteAccount.swift */,
				8915767C2B7F1422006947E4 /* Closet.swift */,
				52358BAC2B7FFC5E00619E85 /* Profile.swift */,
				CCDE67802B7F1EED00599FE8 /* Onboarding Flow */,
				52272DF02B85CEA100922262 /* Welcome.swift */,
			);
			path = Screens;
			sourceTree = "<group>";
		};
		8915767E2B7F142C006947E4 /* Components */ = {
			isa = PBXGroup;
			children = (
				8915767F2B7F1440006947E4 /* BottomNavBar.swift */,
			);
			path = Components;
			sourceTree = "<group>";
		};
		893227EB2B813E73002D693D /* AppFiles */ = {
			isa = PBXGroup;
			children = (
				893227EC2B813E86002D693D /* AppDelegate.swift */,
			);
			path = AppFiles;
			sourceTree = "<group>";
		};
		893227EE2B815A81002D693D /* Frameworks */ = {
			isa = PBXGroup;
			children = (
			);
			name = Frameworks;
			sourceTree = "<group>";
		};
		8985B75D2B75D7A6000E8DED = {
			isa = PBXGroup;
			children = (
				8985B7682B75D7A6000E8DED /* OOTD-Swift */,
				8985B7802B75D7A7000E8DED /* OOTD-SwiftTests */,
				8985B78A2B75D7A7000E8DED /* OOTD-SwiftUITests */,
				8985B7672B75D7A6000E8DED /* Products */,
				893227EE2B815A81002D693D /* Frameworks */,
			);
			sourceTree = "<group>";
		};
		8985B7672B75D7A6000E8DED /* Products */ = {
			isa = PBXGroup;
			children = (
				8985B7662B75D7A6000E8DED /* OOTD-Swift.app */,
				8985B77D2B75D7A7000E8DED /* OOTD-SwiftTests.xctest */,
				8985B7872B75D7A7000E8DED /* OOTD-SwiftUITests.xctest */,
			);
			name = Products;
			sourceTree = "<group>";
		};
		8985B7682B75D7A6000E8DED /* OOTD-Swift */ = {
			isa = PBXGroup;
			children = (
				52272DEE2B85CB9900922262 /* GoogleService-Info.plist */,
				893227EB2B813E73002D693D /* AppFiles */,
				8915767E2B7F142C006947E4 /* Components */,
				8915767A2B7F13B3006947E4 /* Screens */,
				8985B7692B75D7A6000E8DED /* OOTD_SwiftApp.swift */,
				8985B76B2B75D7A6000E8DED /* Persistence.swift */,
				8985B7702B75D7A6000E8DED /* ContentView.swift */,
				8985B7722B75D7A7000E8DED /* Assets.xcassets */,
				8985B7742B75D7A7000E8DED /* OOTD_Swift.entitlements */,
				8985B76D2B75D7A6000E8DED /* OOTD_Swift.xcdatamodeld */,
				8985B7752B75D7A7000E8DED /* Preview Content */,
			);
			path = "OOTD-Swift";
			sourceTree = "<group>";
		};
		8985B7752B75D7A7000E8DED /* Preview Content */ = {
			isa = PBXGroup;
			children = (
				8985B7762B75D7A7000E8DED /* Preview Assets.xcassets */,
			);
			path = "Preview Content";
			sourceTree = "<group>";
		};
		8985B7802B75D7A7000E8DED /* OOTD-SwiftTests */ = {
			isa = PBXGroup;
			children = (
				8985B7812B75D7A7000E8DED /* OOTD_SwiftTests.swift */,
			);
			path = "OOTD-SwiftTests";
			sourceTree = "<group>";
		};
		8985B78A2B75D7A7000E8DED /* OOTD-SwiftUITests */ = {
			isa = PBXGroup;
			children = (
				8985B78B2B75D7A7000E8DED /* OOTD_SwiftUITests.swift */,
				8985B78D2B75D7A7000E8DED /* OOTD_SwiftUITestsLaunchTests.swift */,
			);
			path = "OOTD-SwiftUITests";
			sourceTree = "<group>";
		};
		CCDE67802B7F1EED00599FE8 /* Onboarding Flow */ = {
			isa = PBXGroup;
			children = (
				CCDE677E2B7F1E9C00599FE8 /* Login.swift */,
				CCDE67832B8138BD00599FE8 /* Signup.swift */,
			);
			path = "Onboarding Flow";
			sourceTree = "<group>";
		};
/* End PBXGroup section */

/* Begin PBXNativeTarget section */
		8985B7652B75D7A6000E8DED /* OOTD-Swift */ = {
			isa = PBXNativeTarget;
			buildConfigurationList = 8985B7912B75D7A7000E8DED /* Build configuration list for PBXNativeTarget "OOTD-Swift" */;
			buildPhases = (
				8985B7622B75D7A6000E8DED /* Sources */,
				8985B7632B75D7A6000E8DED /* Frameworks */,
				8985B7642B75D7A6000E8DED /* Resources */,
			);
			buildRules = (
			);
			dependencies = (
			);
			name = "OOTD-Swift";
			packageProductDependencies = (
				893227EF2B815A81002D693D /* FirebaseAnalytics */,
				893227F12B815A81002D693D /* FirebaseAnalyticsOnDeviceConversion */,
				893227F32B815A81002D693D /* FirebaseAnalyticsSwift */,
				893227F52B815A81002D693D /* FirebaseAnalyticsWithoutAdIdSupport */,
				893227F72B815A81002D693D /* FirebaseAppCheck */,
				893227F92B815A81002D693D /* FirebaseAppDistribution-Beta */,
				893227FB2B815A81002D693D /* FirebaseAuth */,
				893227FD2B815A81002D693D /* FirebaseAuthCombine-Community */,
				893227FF2B815A81002D693D /* FirebaseCrashlytics */,
				893228012B815A81002D693D /* FirebaseDatabase */,
				893228032B815A81002D693D /* FirebaseDatabaseSwift */,
				893228052B815A81002D693D /* FirebaseDynamicLinks */,
				893228072B815A81002D693D /* FirebaseFirestore */,
				893228092B815A81002D693D /* FirebaseFirestoreCombine-Community */,
				8932280B2B815A81002D693D /* FirebaseFirestoreSwift */,
				8932280D2B815A81002D693D /* FirebaseFunctions */,
				8932280F2B815A81002D693D /* FirebaseFunctionsCombine-Community */,
				893228112B815A81002D693D /* FirebaseInAppMessaging-Beta */,
				893228132B815A81002D693D /* FirebaseInAppMessagingSwift-Beta */,
				893228152B815A81002D693D /* FirebaseInstallations */,
				893228172B815A81002D693D /* FirebaseMessaging */,
				893228192B815A81002D693D /* FirebaseMLModelDownloader */,
				8932281B2B815A81002D693D /* FirebasePerformance */,
				8932281D2B815A81002D693D /* FirebaseRemoteConfig */,
				8932281F2B815A81002D693D /* FirebaseRemoteConfigSwift */,
				893228212B815A81002D693D /* FirebaseStorage */,
				893228232B815A81002D693D /* FirebaseStorageCombine-Community */,
			);
			productName = "OOTD-Swift";
			productReference = 8985B7662B75D7A6000E8DED /* OOTD-Swift.app */;
			productType = "com.apple.product-type.application";
		};
		8985B77C2B75D7A7000E8DED /* OOTD-SwiftTests */ = {
			isa = PBXNativeTarget;
			buildConfigurationList = 8985B7942B75D7A7000E8DED /* Build configuration list for PBXNativeTarget "OOTD-SwiftTests" */;
			buildPhases = (
				8985B7792B75D7A7000E8DED /* Sources */,
				8985B77A2B75D7A7000E8DED /* Frameworks */,
				8985B77B2B75D7A7000E8DED /* Resources */,
			);
			buildRules = (
			);
			dependencies = (
				8985B77F2B75D7A7000E8DED /* PBXTargetDependency */,
			);
			name = "OOTD-SwiftTests";
			productName = "OOTD-SwiftTests";
			productReference = 8985B77D2B75D7A7000E8DED /* OOTD-SwiftTests.xctest */;
			productType = "com.apple.product-type.bundle.unit-test";
		};
		8985B7862B75D7A7000E8DED /* OOTD-SwiftUITests */ = {
			isa = PBXNativeTarget;
			buildConfigurationList = 8985B7972B75D7A7000E8DED /* Build configuration list for PBXNativeTarget "OOTD-SwiftUITests" */;
			buildPhases = (
				8985B7832B75D7A7000E8DED /* Sources */,
				8985B7842B75D7A7000E8DED /* Frameworks */,
				8985B7852B75D7A7000E8DED /* Resources */,
			);
			buildRules = (
			);
			dependencies = (
				8985B7892B75D7A7000E8DED /* PBXTargetDependency */,
			);
			name = "OOTD-SwiftUITests";
			productName = "OOTD-SwiftUITests";
			productReference = 8985B7872B75D7A7000E8DED /* OOTD-SwiftUITests.xctest */;
			productType = "com.apple.product-type.bundle.ui-testing";
		};
/* End PBXNativeTarget section */

/* Begin PBXProject section */
		8985B75E2B75D7A6000E8DED /* Project object */ = {
			isa = PBXProject;
			attributes = {
				BuildIndependentTargetsInParallel = 1;
				LastSwiftUpdateCheck = 1520;
				LastUpgradeCheck = 1520;
				TargetAttributes = {
					8985B7652B75D7A6000E8DED = {
						CreatedOnToolsVersion = 15.2;
					};
					8985B77C2B75D7A7000E8DED = {
						CreatedOnToolsVersion = 15.2;
						TestTargetID = 8985B7652B75D7A6000E8DED;
					};
					8985B7862B75D7A7000E8DED = {
						CreatedOnToolsVersion = 15.2;
						TestTargetID = 8985B7652B75D7A6000E8DED;
					};
				};
			};
			buildConfigurationList = 8985B7612B75D7A6000E8DED /* Build configuration list for PBXProject "OOTD-Swift" */;
			compatibilityVersion = "Xcode 14.0";
			developmentRegion = en;
			hasScannedForEncodings = 0;
			knownRegions = (
				en,
				Base,
			);
			mainGroup = 8985B75D2B75D7A6000E8DED;
			packageReferences = (
				893227EA2B813E44002D693D /* XCRemoteSwiftPackageReference "firebase-ios-sdk" */,
			);
			productRefGroup = 8985B7672B75D7A6000E8DED /* Products */;
			projectDirPath = "";
			projectRoot = "";
			targets = (
				8985B7652B75D7A6000E8DED /* OOTD-Swift */,
				8985B77C2B75D7A7000E8DED /* OOTD-SwiftTests */,
				8985B7862B75D7A7000E8DED /* OOTD-SwiftUITests */,
			);
		};
/* End PBXProject section */

/* Begin PBXResourcesBuildPhase section */
		8985B7642B75D7A6000E8DED /* Resources */ = {
			isa = PBXResourcesBuildPhase;
			buildActionMask = 2147483647;
			files = (
				8985B7772B75D7A7000E8DED /* Preview Assets.xcassets in Resources */,
				8985B7732B75D7A7000E8DED /* Assets.xcassets in Resources */,
				52272DEF2B85CB9900922262 /* GoogleService-Info.plist in Resources */,
			);
			runOnlyForDeploymentPostprocessing = 0;
		};
		8985B77B2B75D7A7000E8DED /* Resources */ = {
			isa = PBXResourcesBuildPhase;
			buildActionMask = 2147483647;
			files = (
			);
			runOnlyForDeploymentPostprocessing = 0;
		};
		8985B7852B75D7A7000E8DED /* Resources */ = {
			isa = PBXResourcesBuildPhase;
			buildActionMask = 2147483647;
			files = (
			);
			runOnlyForDeploymentPostprocessing = 0;
		};
/* End PBXResourcesBuildPhase section */

/* Begin PBXSourcesBuildPhase section */
		8985B7622B75D7A6000E8DED /* Sources */ = {
			isa = PBXSourcesBuildPhase;
			buildActionMask = 2147483647;
			files = (
				CCDE677F2B7F1E9C00599FE8 /* Login.swift in Sources */,
				8915767D2B7F1422006947E4 /* Closet.swift in Sources */,
				34A178022B81557500265C56 /* FriendsView.swift in Sources */,
				8985B76A2B75D7A6000E8DED /* OOTD_SwiftApp.swift in Sources */,
				34A178042B81557F00265C56 /* PostsView.swift in Sources */,
				34A1780C2B8156E600265C56 /* ClothesView.swift in Sources */,
				34A177F62B8154FF00265C56 /* DashboardNav.swift in Sources */,
				34A177FC2B81553400265C56 /* FavoritesView.swift in Sources */,
				891576802B7F1440006947E4 /* BottomNavBar.swift in Sources */,
				34A178082B81559600265C56 /* TrendingView.swift in Sources */,
				34A177FA2B81552200265C56 /* OutfitsView.swift in Sources */,
				34A1780A2B8155A500265C56 /* RecommendedView.swift in Sources */,
				52272DF12B85CEA100922262 /* Welcome.swift in Sources */,
				52358BAD2B7FFC5E00619E85 /* Profile.swift in Sources */,
				8985B76C2B75D7A6000E8DED /* Persistence.swift in Sources */,
				34A178002B81556900265C56 /* FeedView.swift in Sources */,
				CCDE67842B8138BD00599FE8 /* Signup.swift in Sources */,
				34A178062B81558E00265C56 /* CategoriesView.swift in Sources */,
				893227ED2B813E86002D693D /* AppDelegate.swift in Sources */,
				8985B7712B75D7A6000E8DED /* ContentView.swift in Sources */,
				52D6A5812B801DCE00496804 /* DeleteAccount.swift in Sources */,
				8985B76F2B75D7A6000E8DED /* OOTD_Swift.xcdatamodeld in Sources */,
			);
			runOnlyForDeploymentPostprocessing = 0;
		};
		8985B7792B75D7A7000E8DED /* Sources */ = {
			isa = PBXSourcesBuildPhase;
			buildActionMask = 2147483647;
			files = (
				8985B7822B75D7A7000E8DED /* OOTD_SwiftTests.swift in Sources */,
			);
			runOnlyForDeploymentPostprocessing = 0;
		};
		8985B7832B75D7A7000E8DED /* Sources */ = {
			isa = PBXSourcesBuildPhase;
			buildActionMask = 2147483647;
			files = (
				8985B78E2B75D7A7000E8DED /* OOTD_SwiftUITestsLaunchTests.swift in Sources */,
				8985B78C2B75D7A7000E8DED /* OOTD_SwiftUITests.swift in Sources */,
			);
			runOnlyForDeploymentPostprocessing = 0;
		};
/* End PBXSourcesBuildPhase section */

/* Begin PBXTargetDependency section */
		8985B77F2B75D7A7000E8DED /* PBXTargetDependency */ = {
			isa = PBXTargetDependency;
			target = 8985B7652B75D7A6000E8DED /* OOTD-Swift */;
			targetProxy = 8985B77E2B75D7A7000E8DED /* PBXContainerItemProxy */;
		};
		8985B7892B75D7A7000E8DED /* PBXTargetDependency */ = {
			isa = PBXTargetDependency;
			target = 8985B7652B75D7A6000E8DED /* OOTD-Swift */;
			targetProxy = 8985B7882B75D7A7000E8DED /* PBXContainerItemProxy */;
		};
/* End PBXTargetDependency section */

/* Begin XCBuildConfiguration section */
		8985B78F2B75D7A7000E8DED /* Debug */ = {
			isa = XCBuildConfiguration;
			buildSettings = {
				ALWAYS_SEARCH_USER_PATHS = NO;
				ASSETCATALOG_COMPILER_GENERATE_SWIFT_ASSET_SYMBOL_EXTENSIONS = YES;
				CLANG_ANALYZER_NONNULL = YES;
				CLANG_ANALYZER_NUMBER_OBJECT_CONVERSION = YES_AGGRESSIVE;
				CLANG_CXX_LANGUAGE_STANDARD = "gnu++20";
				CLANG_ENABLE_MODULES = YES;
				CLANG_ENABLE_OBJC_ARC = YES;
				CLANG_ENABLE_OBJC_WEAK = YES;
				CLANG_WARN_BLOCK_CAPTURE_AUTORELEASING = YES;
				CLANG_WARN_BOOL_CONVERSION = YES;
				CLANG_WARN_COMMA = YES;
				CLANG_WARN_CONSTANT_CONVERSION = YES;
				CLANG_WARN_DEPRECATED_OBJC_IMPLEMENTATIONS = YES;
				CLANG_WARN_DIRECT_OBJC_ISA_USAGE = YES_ERROR;
				CLANG_WARN_DOCUMENTATION_COMMENTS = YES;
				CLANG_WARN_EMPTY_BODY = YES;
				CLANG_WARN_ENUM_CONVERSION = YES;
				CLANG_WARN_INFINITE_RECURSION = YES;
				CLANG_WARN_INT_CONVERSION = YES;
				CLANG_WARN_NON_LITERAL_NULL_CONVERSION = YES;
				CLANG_WARN_OBJC_IMPLICIT_RETAIN_SELF = YES;
				CLANG_WARN_OBJC_LITERAL_CONVERSION = YES;
				CLANG_WARN_OBJC_ROOT_CLASS = YES_ERROR;
				CLANG_WARN_QUOTED_INCLUDE_IN_FRAMEWORK_HEADER = YES;
				CLANG_WARN_RANGE_LOOP_ANALYSIS = YES;
				CLANG_WARN_STRICT_PROTOTYPES = YES;
				CLANG_WARN_SUSPICIOUS_MOVE = YES;
				CLANG_WARN_UNGUARDED_AVAILABILITY = YES_AGGRESSIVE;
				CLANG_WARN_UNREACHABLE_CODE = YES;
				CLANG_WARN__DUPLICATE_METHOD_MATCH = YES;
				COPY_PHASE_STRIP = NO;
				DEBUG_INFORMATION_FORMAT = dwarf;
				ENABLE_STRICT_OBJC_MSGSEND = YES;
				ENABLE_TESTABILITY = YES;
				ENABLE_USER_SCRIPT_SANDBOXING = YES;
				GCC_C_LANGUAGE_STANDARD = gnu17;
				GCC_DYNAMIC_NO_PIC = NO;
				GCC_NO_COMMON_BLOCKS = YES;
				GCC_OPTIMIZATION_LEVEL = 0;
				GCC_PREPROCESSOR_DEFINITIONS = (
					"DEBUG=1",
					"$(inherited)",
				);
				GCC_WARN_64_TO_32_BIT_CONVERSION = YES;
				GCC_WARN_ABOUT_RETURN_TYPE = YES_ERROR;
				GCC_WARN_UNDECLARED_SELECTOR = YES;
				GCC_WARN_UNINITIALIZED_AUTOS = YES_AGGRESSIVE;
				GCC_WARN_UNUSED_FUNCTION = YES;
				GCC_WARN_UNUSED_VARIABLE = YES;
				LOCALIZATION_PREFERS_STRING_CATALOGS = YES;
				MTL_ENABLE_DEBUG_INFO = INCLUDE_SOURCE;
				MTL_FAST_MATH = YES;
				ONLY_ACTIVE_ARCH = YES;
				SWIFT_ACTIVE_COMPILATION_CONDITIONS = "DEBUG $(inherited)";
				SWIFT_OPTIMIZATION_LEVEL = "-Onone";
			};
			name = Debug;
		};
		8985B7902B75D7A7000E8DED /* Release */ = {
			isa = XCBuildConfiguration;
			buildSettings = {
				ALWAYS_SEARCH_USER_PATHS = NO;
				ASSETCATALOG_COMPILER_GENERATE_SWIFT_ASSET_SYMBOL_EXTENSIONS = YES;
				CLANG_ANALYZER_NONNULL = YES;
				CLANG_ANALYZER_NUMBER_OBJECT_CONVERSION = YES_AGGRESSIVE;
				CLANG_CXX_LANGUAGE_STANDARD = "gnu++20";
				CLANG_ENABLE_MODULES = YES;
				CLANG_ENABLE_OBJC_ARC = YES;
				CLANG_ENABLE_OBJC_WEAK = YES;
				CLANG_WARN_BLOCK_CAPTURE_AUTORELEASING = YES;
				CLANG_WARN_BOOL_CONVERSION = YES;
				CLANG_WARN_COMMA = YES;
				CLANG_WARN_CONSTANT_CONVERSION = YES;
				CLANG_WARN_DEPRECATED_OBJC_IMPLEMENTATIONS = YES;
				CLANG_WARN_DIRECT_OBJC_ISA_USAGE = YES_ERROR;
				CLANG_WARN_DOCUMENTATION_COMMENTS = YES;
				CLANG_WARN_EMPTY_BODY = YES;
				CLANG_WARN_ENUM_CONVERSION = YES;
				CLANG_WARN_INFINITE_RECURSION = YES;
				CLANG_WARN_INT_CONVERSION = YES;
				CLANG_WARN_NON_LITERAL_NULL_CONVERSION = YES;
				CLANG_WARN_OBJC_IMPLICIT_RETAIN_SELF = YES;
				CLANG_WARN_OBJC_LITERAL_CONVERSION = YES;
				CLANG_WARN_OBJC_ROOT_CLASS = YES_ERROR;
				CLANG_WARN_QUOTED_INCLUDE_IN_FRAMEWORK_HEADER = YES;
				CLANG_WARN_RANGE_LOOP_ANALYSIS = YES;
				CLANG_WARN_STRICT_PROTOTYPES = YES;
				CLANG_WARN_SUSPICIOUS_MOVE = YES;
				CLANG_WARN_UNGUARDED_AVAILABILITY = YES_AGGRESSIVE;
				CLANG_WARN_UNREACHABLE_CODE = YES;
				CLANG_WARN__DUPLICATE_METHOD_MATCH = YES;
				COPY_PHASE_STRIP = NO;
				DEBUG_INFORMATION_FORMAT = "dwarf-with-dsym";
				ENABLE_NS_ASSERTIONS = NO;
				ENABLE_STRICT_OBJC_MSGSEND = YES;
				ENABLE_USER_SCRIPT_SANDBOXING = YES;
				GCC_C_LANGUAGE_STANDARD = gnu17;
				GCC_NO_COMMON_BLOCKS = YES;
				GCC_WARN_64_TO_32_BIT_CONVERSION = YES;
				GCC_WARN_ABOUT_RETURN_TYPE = YES_ERROR;
				GCC_WARN_UNDECLARED_SELECTOR = YES;
				GCC_WARN_UNINITIALIZED_AUTOS = YES_AGGRESSIVE;
				GCC_WARN_UNUSED_FUNCTION = YES;
				GCC_WARN_UNUSED_VARIABLE = YES;
				LOCALIZATION_PREFERS_STRING_CATALOGS = YES;
				MTL_ENABLE_DEBUG_INFO = NO;
				MTL_FAST_MATH = YES;
				SWIFT_COMPILATION_MODE = wholemodule;
			};
			name = Release;
		};
		8985B7922B75D7A7000E8DED /* Debug */ = {
			isa = XCBuildConfiguration;
			buildSettings = {
				ASSETCATALOG_COMPILER_APPICON_NAME = AppIcon;
				ASSETCATALOG_COMPILER_GLOBAL_ACCENT_COLOR_NAME = AccentColor;
				CODE_SIGN_ENTITLEMENTS = "OOTD-Swift/OOTD_Swift.entitlements";
				CODE_SIGN_STYLE = Automatic;
				CURRENT_PROJECT_VERSION = 1;
				DEVELOPMENT_ASSET_PATHS = "\"OOTD-Swift/Preview Content\"";
				DEVELOPMENT_TEAM = "";
				ENABLE_PREVIEWS = YES;
				GENERATE_INFOPLIST_FILE = YES;
				INFOPLIST_FILE = "OOTD-Swift/GoogleService-Info.plist";
				"INFOPLIST_KEY_UIApplicationSceneManifest_Generation[sdk=iphoneos*]" = YES;
				"INFOPLIST_KEY_UIApplicationSceneManifest_Generation[sdk=iphonesimulator*]" = YES;
				"INFOPLIST_KEY_UIApplicationSupportsIndirectInputEvents[sdk=iphoneos*]" = YES;
				"INFOPLIST_KEY_UIApplicationSupportsIndirectInputEvents[sdk=iphonesimulator*]" = YES;
				"INFOPLIST_KEY_UILaunchScreen_Generation[sdk=iphoneos*]" = YES;
				"INFOPLIST_KEY_UILaunchScreen_Generation[sdk=iphonesimulator*]" = YES;
				"INFOPLIST_KEY_UIStatusBarStyle[sdk=iphoneos*]" = UIStatusBarStyleDefault;
				"INFOPLIST_KEY_UIStatusBarStyle[sdk=iphonesimulator*]" = UIStatusBarStyleDefault;
				INFOPLIST_KEY_UISupportedInterfaceOrientations_iPad = "UIInterfaceOrientationPortrait UIInterfaceOrientationPortraitUpsideDown UIInterfaceOrientationLandscapeLeft UIInterfaceOrientationLandscapeRight";
				INFOPLIST_KEY_UISupportedInterfaceOrientations_iPhone = "UIInterfaceOrientationPortrait UIInterfaceOrientationLandscapeLeft UIInterfaceOrientationLandscapeRight";
				IPHONEOS_DEPLOYMENT_TARGET = 16;
				LD_RUNPATH_SEARCH_PATHS = "@executable_path/Frameworks";
				"LD_RUNPATH_SEARCH_PATHS[sdk=macosx*]" = "@executable_path/../Frameworks";
				MACOSX_DEPLOYMENT_TARGET = 14.0;
				MARKETING_VERSION = 1.0;
				PRODUCT_BUNDLE_IDENTIFIER = "com.testflight.OOTD-Swift";
				PRODUCT_NAME = "$(TARGET_NAME)";
				SDKROOT = auto;
				SUPPORTED_PLATFORMS = "iphoneos iphonesimulator";
				SUPPORTS_MACCATALYST = NO;
				SWIFT_EMIT_LOC_STRINGS = YES;
				SWIFT_VERSION = 5.0;
				TARGETED_DEVICE_FAMILY = "1,2";
			};
			name = Debug;
		};
		8985B7932B75D7A7000E8DED /* Release */ = {
			isa = XCBuildConfiguration;
			buildSettings = {
				ASSETCATALOG_COMPILER_APPICON_NAME = AppIcon;
				ASSETCATALOG_COMPILER_GLOBAL_ACCENT_COLOR_NAME = AccentColor;
				CODE_SIGN_ENTITLEMENTS = "OOTD-Swift/OOTD_Swift.entitlements";
				CODE_SIGN_STYLE = Automatic;
				CURRENT_PROJECT_VERSION = 1;
				DEVELOPMENT_ASSET_PATHS = "\"OOTD-Swift/Preview Content\"";
				DEVELOPMENT_TEAM = "";
				ENABLE_PREVIEWS = YES;
				GENERATE_INFOPLIST_FILE = YES;
				INFOPLIST_FILE = "OOTD-Swift/GoogleService-Info.plist";
				"INFOPLIST_KEY_UIApplicationSceneManifest_Generation[sdk=iphoneos*]" = YES;
				"INFOPLIST_KEY_UIApplicationSceneManifest_Generation[sdk=iphonesimulator*]" = YES;
				"INFOPLIST_KEY_UIApplicationSupportsIndirectInputEvents[sdk=iphoneos*]" = YES;
				"INFOPLIST_KEY_UIApplicationSupportsIndirectInputEvents[sdk=iphonesimulator*]" = YES;
				"INFOPLIST_KEY_UILaunchScreen_Generation[sdk=iphoneos*]" = YES;
				"INFOPLIST_KEY_UILaunchScreen_Generation[sdk=iphonesimulator*]" = YES;
				"INFOPLIST_KEY_UIStatusBarStyle[sdk=iphoneos*]" = UIStatusBarStyleDefault;
				"INFOPLIST_KEY_UIStatusBarStyle[sdk=iphonesimulator*]" = UIStatusBarStyleDefault;
				INFOPLIST_KEY_UISupportedInterfaceOrientations_iPad = "UIInterfaceOrientationPortrait UIInterfaceOrientationPortraitUpsideDown UIInterfaceOrientationLandscapeLeft UIInterfaceOrientationLandscapeRight";
				INFOPLIST_KEY_UISupportedInterfaceOrientations_iPhone = "UIInterfaceOrientationPortrait UIInterfaceOrientationLandscapeLeft UIInterfaceOrientationLandscapeRight";
				IPHONEOS_DEPLOYMENT_TARGET = 16;
				LD_RUNPATH_SEARCH_PATHS = "@executable_path/Frameworks";
				"LD_RUNPATH_SEARCH_PATHS[sdk=macosx*]" = "@executable_path/../Frameworks";
				MACOSX_DEPLOYMENT_TARGET = 14.0;
				MARKETING_VERSION = 1.0;
				PRODUCT_BUNDLE_IDENTIFIER = "com.testflight.OOTD-Swift";
				PRODUCT_NAME = "$(TARGET_NAME)";
				SDKROOT = auto;
				SUPPORTED_PLATFORMS = "iphoneos iphonesimulator";
				SUPPORTS_MACCATALYST = NO;
				SWIFT_EMIT_LOC_STRINGS = YES;
				SWIFT_VERSION = 5.0;
				TARGETED_DEVICE_FAMILY = "1,2";
			};
			name = Release;
		};
		8985B7952B75D7A7000E8DED /* Debug */ = {
			isa = XCBuildConfiguration;
			buildSettings = {
				ALWAYS_EMBED_SWIFT_STANDARD_LIBRARIES = YES;
				BUNDLE_LOADER = "$(TEST_HOST)";
				CODE_SIGN_STYLE = Automatic;
				CURRENT_PROJECT_VERSION = 1;
				GENERATE_INFOPLIST_FILE = YES;
				IPHONEOS_DEPLOYMENT_TARGET = 17.2;
				MACOSX_DEPLOYMENT_TARGET = 14.0;
				MARKETING_VERSION = 1.0;
				PRODUCT_BUNDLE_IDENTIFIER = "com.testflight..OOTD-SwiftTests";
				PRODUCT_NAME = "$(TARGET_NAME)";
				SDKROOT = auto;
				SUPPORTED_PLATFORMS = "iphoneos iphonesimulator macosx";
				SWIFT_EMIT_LOC_STRINGS = NO;
				SWIFT_VERSION = 5.0;
				TARGETED_DEVICE_FAMILY = "1,2";
				TEST_HOST = "$(BUILT_PRODUCTS_DIR)/OOTD-Swift.app/$(BUNDLE_EXECUTABLE_FOLDER_PATH)/OOTD-Swift";
			};
			name = Debug;
		};
		8985B7962B75D7A7000E8DED /* Release */ = {
			isa = XCBuildConfiguration;
			buildSettings = {
				ALWAYS_EMBED_SWIFT_STANDARD_LIBRARIES = YES;
				BUNDLE_LOADER = "$(TEST_HOST)";
				CODE_SIGN_STYLE = Automatic;
				CURRENT_PROJECT_VERSION = 1;
				GENERATE_INFOPLIST_FILE = YES;
				IPHONEOS_DEPLOYMENT_TARGET = 17.2;
				MACOSX_DEPLOYMENT_TARGET = 14.0;
				MARKETING_VERSION = 1.0;
				PRODUCT_BUNDLE_IDENTIFIER = "com.testflight..OOTD-SwiftTests";
				PRODUCT_NAME = "$(TARGET_NAME)";
				SDKROOT = auto;
				SUPPORTED_PLATFORMS = "iphoneos iphonesimulator macosx";
				SWIFT_EMIT_LOC_STRINGS = NO;
				SWIFT_VERSION = 5.0;
				TARGETED_DEVICE_FAMILY = "1,2";
				TEST_HOST = "$(BUILT_PRODUCTS_DIR)/OOTD-Swift.app/$(BUNDLE_EXECUTABLE_FOLDER_PATH)/OOTD-Swift";
			};
			name = Release;
		};
		8985B7982B75D7A7000E8DED /* Debug */ = {
			isa = XCBuildConfiguration;
			buildSettings = {
				ALWAYS_EMBED_SWIFT_STANDARD_LIBRARIES = YES;
				CODE_SIGN_STYLE = Automatic;
				CURRENT_PROJECT_VERSION = 1;
				GENERATE_INFOPLIST_FILE = YES;
				IPHONEOS_DEPLOYMENT_TARGET = 17.2;
				MACOSX_DEPLOYMENT_TARGET = 14.0;
				MARKETING_VERSION = 1.0;
				PRODUCT_BUNDLE_IDENTIFIER = "com.testflight..OOTD-SwiftUITests";
				PRODUCT_NAME = "$(TARGET_NAME)";
				SDKROOT = auto;
				SUPPORTED_PLATFORMS = "iphoneos iphonesimulator macosx";
				SWIFT_EMIT_LOC_STRINGS = NO;
				SWIFT_VERSION = 5.0;
				TARGETED_DEVICE_FAMILY = "1,2";
				TEST_TARGET_NAME = "OOTD-Swift";
			};
			name = Debug;
		};
		8985B7992B75D7A7000E8DED /* Release */ = {
			isa = XCBuildConfiguration;
			buildSettings = {
				ALWAYS_EMBED_SWIFT_STANDARD_LIBRARIES = YES;
				CODE_SIGN_STYLE = Automatic;
				CURRENT_PROJECT_VERSION = 1;
				GENERATE_INFOPLIST_FILE = YES;
				IPHONEOS_DEPLOYMENT_TARGET = 17.2;
				MACOSX_DEPLOYMENT_TARGET = 14.0;
				MARKETING_VERSION = 1.0;
				PRODUCT_BUNDLE_IDENTIFIER = "com.testflight..OOTD-SwiftUITests";
				PRODUCT_NAME = "$(TARGET_NAME)";
				SDKROOT = auto;
				SUPPORTED_PLATFORMS = "iphoneos iphonesimulator macosx";
				SWIFT_EMIT_LOC_STRINGS = NO;
				SWIFT_VERSION = 5.0;
				TARGETED_DEVICE_FAMILY = "1,2";
				TEST_TARGET_NAME = "OOTD-Swift";
			};
			name = Release;
		};
/* End XCBuildConfiguration section */

/* Begin XCConfigurationList section */
		8985B7612B75D7A6000E8DED /* Build configuration list for PBXProject "OOTD-Swift" */ = {
			isa = XCConfigurationList;
			buildConfigurations = (
				8985B78F2B75D7A7000E8DED /* Debug */,
				8985B7902B75D7A7000E8DED /* Release */,
			);
			defaultConfigurationIsVisible = 0;
			defaultConfigurationName = Release;
		};
		8985B7912B75D7A7000E8DED /* Build configuration list for PBXNativeTarget "OOTD-Swift" */ = {
			isa = XCConfigurationList;
			buildConfigurations = (
				8985B7922B75D7A7000E8DED /* Debug */,
				8985B7932B75D7A7000E8DED /* Release */,
			);
			defaultConfigurationIsVisible = 0;
			defaultConfigurationName = Release;
		};
		8985B7942B75D7A7000E8DED /* Build configuration list for PBXNativeTarget "OOTD-SwiftTests" */ = {
			isa = XCConfigurationList;
			buildConfigurations = (
				8985B7952B75D7A7000E8DED /* Debug */,
				8985B7962B75D7A7000E8DED /* Release */,
			);
			defaultConfigurationIsVisible = 0;
			defaultConfigurationName = Release;
		};
		8985B7972B75D7A7000E8DED /* Build configuration list for PBXNativeTarget "OOTD-SwiftUITests" */ = {
			isa = XCConfigurationList;
			buildConfigurations = (
				8985B7982B75D7A7000E8DED /* Debug */,
				8985B7992B75D7A7000E8DED /* Release */,
			);
			defaultConfigurationIsVisible = 0;
			defaultConfigurationName = Release;
		};
/* End XCConfigurationList section */

/* Begin XCRemoteSwiftPackageReference section */
		893227EA2B813E44002D693D /* XCRemoteSwiftPackageReference "firebase-ios-sdk" */ = {
			isa = XCRemoteSwiftPackageReference;
			repositoryURL = "https://github.com/firebase/firebase-ios-sdk";
			requirement = {
				kind = upToNextMajorVersion;
				minimumVersion = 10.21.0;
			};
		};
/* End XCRemoteSwiftPackageReference section */

/* Begin XCSwiftPackageProductDependency section */
		893227EF2B815A81002D693D /* FirebaseAnalytics */ = {
			isa = XCSwiftPackageProductDependency;
			package = 893227EA2B813E44002D693D /* XCRemoteSwiftPackageReference "firebase-ios-sdk" */;
			productName = FirebaseAnalytics;
		};
		893227F12B815A81002D693D /* FirebaseAnalyticsOnDeviceConversion */ = {
			isa = XCSwiftPackageProductDependency;
			package = 893227EA2B813E44002D693D /* XCRemoteSwiftPackageReference "firebase-ios-sdk" */;
			productName = FirebaseAnalyticsOnDeviceConversion;
		};
		893227F32B815A81002D693D /* FirebaseAnalyticsSwift */ = {
			isa = XCSwiftPackageProductDependency;
			package = 893227EA2B813E44002D693D /* XCRemoteSwiftPackageReference "firebase-ios-sdk" */;
			productName = FirebaseAnalyticsSwift;
		};
		893227F52B815A81002D693D /* FirebaseAnalyticsWithoutAdIdSupport */ = {
			isa = XCSwiftPackageProductDependency;
			package = 893227EA2B813E44002D693D /* XCRemoteSwiftPackageReference "firebase-ios-sdk" */;
			productName = FirebaseAnalyticsWithoutAdIdSupport;
		};
		893227F72B815A81002D693D /* FirebaseAppCheck */ = {
			isa = XCSwiftPackageProductDependency;
			package = 893227EA2B813E44002D693D /* XCRemoteSwiftPackageReference "firebase-ios-sdk" */;
			productName = FirebaseAppCheck;
		};
		893227F92B815A81002D693D /* FirebaseAppDistribution-Beta */ = {
			isa = XCSwiftPackageProductDependency;
			package = 893227EA2B813E44002D693D /* XCRemoteSwiftPackageReference "firebase-ios-sdk" */;
			productName = "FirebaseAppDistribution-Beta";
		};
		893227FB2B815A81002D693D /* FirebaseAuth */ = {
			isa = XCSwiftPackageProductDependency;
			package = 893227EA2B813E44002D693D /* XCRemoteSwiftPackageReference "firebase-ios-sdk" */;
			productName = FirebaseAuth;
		};
		893227FD2B815A81002D693D /* FirebaseAuthCombine-Community */ = {
			isa = XCSwiftPackageProductDependency;
			package = 893227EA2B813E44002D693D /* XCRemoteSwiftPackageReference "firebase-ios-sdk" */;
			productName = "FirebaseAuthCombine-Community";
		};
		893227FF2B815A81002D693D /* FirebaseCrashlytics */ = {
			isa = XCSwiftPackageProductDependency;
			package = 893227EA2B813E44002D693D /* XCRemoteSwiftPackageReference "firebase-ios-sdk" */;
			productName = FirebaseCrashlytics;
		};
		893228012B815A81002D693D /* FirebaseDatabase */ = {
			isa = XCSwiftPackageProductDependency;
			package = 893227EA2B813E44002D693D /* XCRemoteSwiftPackageReference "firebase-ios-sdk" */;
			productName = FirebaseDatabase;
		};
		893228032B815A81002D693D /* FirebaseDatabaseSwift */ = {
			isa = XCSwiftPackageProductDependency;
			package = 893227EA2B813E44002D693D /* XCRemoteSwiftPackageReference "firebase-ios-sdk" */;
			productName = FirebaseDatabaseSwift;
		};
		893228052B815A81002D693D /* FirebaseDynamicLinks */ = {
			isa = XCSwiftPackageProductDependency;
			package = 893227EA2B813E44002D693D /* XCRemoteSwiftPackageReference "firebase-ios-sdk" */;
			productName = FirebaseDynamicLinks;
		};
		893228072B815A81002D693D /* FirebaseFirestore */ = {
			isa = XCSwiftPackageProductDependency;
			package = 893227EA2B813E44002D693D /* XCRemoteSwiftPackageReference "firebase-ios-sdk" */;
			productName = FirebaseFirestore;
		};
		893228092B815A81002D693D /* FirebaseFirestoreCombine-Community */ = {
			isa = XCSwiftPackageProductDependency;
			package = 893227EA2B813E44002D693D /* XCRemoteSwiftPackageReference "firebase-ios-sdk" */;
			productName = "FirebaseFirestoreCombine-Community";
		};
		8932280B2B815A81002D693D /* FirebaseFirestoreSwift */ = {
			isa = XCSwiftPackageProductDependency;
			package = 893227EA2B813E44002D693D /* XCRemoteSwiftPackageReference "firebase-ios-sdk" */;
			productName = FirebaseFirestoreSwift;
		};
		8932280D2B815A81002D693D /* FirebaseFunctions */ = {
			isa = XCSwiftPackageProductDependency;
			package = 893227EA2B813E44002D693D /* XCRemoteSwiftPackageReference "firebase-ios-sdk" */;
			productName = FirebaseFunctions;
		};
		8932280F2B815A81002D693D /* FirebaseFunctionsCombine-Community */ = {
			isa = XCSwiftPackageProductDependency;
			package = 893227EA2B813E44002D693D /* XCRemoteSwiftPackageReference "firebase-ios-sdk" */;
			productName = "FirebaseFunctionsCombine-Community";
		};
		893228112B815A81002D693D /* FirebaseInAppMessaging-Beta */ = {
			isa = XCSwiftPackageProductDependency;
			package = 893227EA2B813E44002D693D /* XCRemoteSwiftPackageReference "firebase-ios-sdk" */;
			productName = "FirebaseInAppMessaging-Beta";
		};
		893228132B815A81002D693D /* FirebaseInAppMessagingSwift-Beta */ = {
			isa = XCSwiftPackageProductDependency;
			package = 893227EA2B813E44002D693D /* XCRemoteSwiftPackageReference "firebase-ios-sdk" */;
			productName = "FirebaseInAppMessagingSwift-Beta";
		};
		893228152B815A81002D693D /* FirebaseInstallations */ = {
			isa = XCSwiftPackageProductDependency;
			package = 893227EA2B813E44002D693D /* XCRemoteSwiftPackageReference "firebase-ios-sdk" */;
			productName = FirebaseInstallations;
		};
		893228172B815A81002D693D /* FirebaseMessaging */ = {
			isa = XCSwiftPackageProductDependency;
			package = 893227EA2B813E44002D693D /* XCRemoteSwiftPackageReference "firebase-ios-sdk" */;
			productName = FirebaseMessaging;
		};
		893228192B815A81002D693D /* FirebaseMLModelDownloader */ = {
			isa = XCSwiftPackageProductDependency;
			package = 893227EA2B813E44002D693D /* XCRemoteSwiftPackageReference "firebase-ios-sdk" */;
			productName = FirebaseMLModelDownloader;
		};
		8932281B2B815A81002D693D /* FirebasePerformance */ = {
			isa = XCSwiftPackageProductDependency;
			package = 893227EA2B813E44002D693D /* XCRemoteSwiftPackageReference "firebase-ios-sdk" */;
			productName = FirebasePerformance;
		};
		8932281D2B815A81002D693D /* FirebaseRemoteConfig */ = {
			isa = XCSwiftPackageProductDependency;
			package = 893227EA2B813E44002D693D /* XCRemoteSwiftPackageReference "firebase-ios-sdk" */;
			productName = FirebaseRemoteConfig;
		};
		8932281F2B815A81002D693D /* FirebaseRemoteConfigSwift */ = {
			isa = XCSwiftPackageProductDependency;
			package = 893227EA2B813E44002D693D /* XCRemoteSwiftPackageReference "firebase-ios-sdk" */;
			productName = FirebaseRemoteConfigSwift;
		};
		893228212B815A81002D693D /* FirebaseStorage */ = {
			isa = XCSwiftPackageProductDependency;
			package = 893227EA2B813E44002D693D /* XCRemoteSwiftPackageReference "firebase-ios-sdk" */;
			productName = FirebaseStorage;
		};
		893228232B815A81002D693D /* FirebaseStorageCombine-Community */ = {
			isa = XCSwiftPackageProductDependency;
			package = 893227EA2B813E44002D693D /* XCRemoteSwiftPackageReference "firebase-ios-sdk" */;
			productName = "FirebaseStorageCombine-Community";
		};
/* End XCSwiftPackageProductDependency section */

/* Begin XCVersionGroup section */
		8985B76D2B75D7A6000E8DED /* OOTD_Swift.xcdatamodeld */ = {
			isa = XCVersionGroup;
			children = (
				8985B76E2B75D7A6000E8DED /* OOTD_Swift.xcdatamodel */,
			);
			currentVersion = 8985B76E2B75D7A6000E8DED /* OOTD_Swift.xcdatamodel */;
			path = OOTD_Swift.xcdatamodeld;
			sourceTree = "<group>";
			versionGroupType = wrapper.xcdatamodel;
		};
/* End XCVersionGroup section */
	};
	rootObject = 8985B75E2B75D7A6000E8DED /* Project object */;
}
